// !$*UTF8*$!
{
	archiveVersion = 1;
	classes = {
	};
	objectVersion = 51;
	objects = {

/* Begin PBXBuildFile section */
		19671C569897C1C757D97C3E /* libPods-HomeCook'd.a in Frameworks */ = {isa = PBXBuildFile; fileRef = E5C342D506B677A7C3A91578 /* libPods-HomeCook'd.a */; };
		82032D0825B5B0990046B841 /* RatingVC.swift in Sources */ = {isa = PBXBuildFile; fileRef = 82032D0725B5B0990046B841 /* RatingVC.swift */; };
		82032D0A25B5BBC90046B841 /* AddNewCardVC.swift in Sources */ = {isa = PBXBuildFile; fileRef = 82032D0925B5BBC90046B841 /* AddNewCardVC.swift */; };
		82032D0C25B5BFCE0046B841 /* Terms&ConditionVC.swift in Sources */ = {isa = PBXBuildFile; fileRef = 82032D0B25B5BFCE0046B841 /* Terms&ConditionVC.swift */; };
		82032D0E25B5C1D60046B841 /* AddressVC.swift in Sources */ = {isa = PBXBuildFile; fileRef = 82032D0D25B5C1D60046B841 /* AddressVC.swift */; };
		8205C18125A5D42900E602DE /* AddNewItemVC.swift in Sources */ = {isa = PBXBuildFile; fileRef = 8205C18025A5D42900E602DE /* AddNewItemVC.swift */; };
		8205C18325A5D7CE00E602DE /* AddNewItemVCCell.swift in Sources */ = {isa = PBXBuildFile; fileRef = 8205C18225A5D7CE00E602DE /* AddNewItemVCCell.swift */; };
		8205C18525A5E4A200E602DE /* PaymentWithdrawVC.swift in Sources */ = {isa = PBXBuildFile; fileRef = 8205C18425A5E4A200E602DE /* PaymentWithdrawVC.swift */; };
		8208D99425B59D6C00B57A24 /* CartVCCell.swift in Sources */ = {isa = PBXBuildFile; fileRef = 8208D99325B59D6C00B57A24 /* CartVCCell.swift */; };
		820CFBD325B5937D0043756E /* CartVC.swift in Sources */ = {isa = PBXBuildFile; fileRef = 820CFBD225B5937D0043756E /* CartVC.swift */; };
		820D05C825A5BCCD009508F3 /* BottomPopupUtils.swift in Sources */ = {isa = PBXBuildFile; fileRef = 820D05C025A5BCCD009508F3 /* BottomPopupUtils.swift */; };
		820D05C925A5BCCD009508F3 /* BottomPopupViewController.swift in Sources */ = {isa = PBXBuildFile; fileRef = 820D05C125A5BCCD009508F3 /* BottomPopupViewController.swift */; };
		820D05CA25A5BCCD009508F3 /* BottomPopupDismissInteractionController.swift in Sources */ = {isa = PBXBuildFile; fileRef = 820D05C225A5BCCD009508F3 /* BottomPopupDismissInteractionController.swift */; };
		820D05CB25A5BCCD009508F3 /* BottomPopupNavigationController.swift in Sources */ = {isa = PBXBuildFile; fileRef = 820D05C325A5BCCD009508F3 /* BottomPopupNavigationController.swift */; };
		820D05CC25A5BCCD009508F3 /* BottomPopupDismissAnimator.swift in Sources */ = {isa = PBXBuildFile; fileRef = 820D05C425A5BCCD009508F3 /* BottomPopupDismissAnimator.swift */; };
		820D05CD25A5BCCD009508F3 /* BottomPopupPresentAnimator.swift in Sources */ = {isa = PBXBuildFile; fileRef = 820D05C525A5BCCD009508F3 /* BottomPopupPresentAnimator.swift */; };
		820D05CE25A5BCCD009508F3 /* BottomPopupTransitionHandler.swift in Sources */ = {isa = PBXBuildFile; fileRef = 820D05C625A5BCCD009508F3 /* BottomPopupTransitionHandler.swift */; };
		820D05CF25A5BCCD009508F3 /* BottomPopupPresentationController.swift in Sources */ = {isa = PBXBuildFile; fileRef = 820D05C725A5BCCD009508F3 /* BottomPopupPresentationController.swift */; };
		82165CD825B583B7005C2361 /* collImages.swift in Sources */ = {isa = PBXBuildFile; fileRef = 82165CD725B583B7005C2361 /* collImages.swift */; };
		821F45CB25B6F6BF00EB8265 /* TrackingOrderVC.swift in Sources */ = {isa = PBXBuildFile; fileRef = 821F45CA25B6F6BF00EB8265 /* TrackingOrderVC.swift */; };
		82250C4925A2D9E9007E46DD /* LogInVC.swift in Sources */ = {isa = PBXBuildFile; fileRef = 82250C4825A2D9E9007E46DD /* LogInVC.swift */; };
		823077DE25A5803B004B930A /* ArrayExtension.swift in Sources */ = {isa = PBXBuildFile; fileRef = 823077D925A5803A004B930A /* ArrayExtension.swift */; };
		823077DF25A5803B004B930A /* CALayerExtension.swift in Sources */ = {isa = PBXBuildFile; fileRef = 823077DA25A5803A004B930A /* CALayerExtension.swift */; };
		823077E025A5803B004B930A /* CustomSegments.swift in Sources */ = {isa = PBXBuildFile; fileRef = 823077DB25A5803A004B930A /* CustomSegments.swift */; };
		823077E125A5803B004B930A /* DataEntry.swift in Sources */ = {isa = PBXBuildFile; fileRef = 823077DC25A5803B004B930A /* DataEntry.swift */; };
		823077E225A5803B004B930A /* UIBezierPathExtension.swift in Sources */ = {isa = PBXBuildFile; fileRef = 823077DD25A5803B004B930A /* UIBezierPathExtension.swift */; };
		823077E625A58048004B930A /* BasicBarChartPresenter.swift in Sources */ = {isa = PBXBuildFile; fileRef = 823077E325A58047004B930A /* BasicBarChartPresenter.swift */; };
		823077E725A58048004B930A /* BasicBarEntry.swift in Sources */ = {isa = PBXBuildFile; fileRef = 823077E425A58047004B930A /* BasicBarEntry.swift */; };
		823077E825A58048004B930A /* BasicBarChart.swift in Sources */ = {isa = PBXBuildFile; fileRef = 823077E525A58047004B930A /* BasicBarChart.swift */; };
		823077EA25A5968A004B930A /* MyFoodDetailVC.swift in Sources */ = {isa = PBXBuildFile; fileRef = 823077E925A5968A004B930A /* MyFoodDetailVC.swift */; };
		82484F8A25A6C9050072E458 /* NotificationVC.swift in Sources */ = {isa = PBXBuildFile; fileRef = 82484F8925A6C9050072E458 /* NotificationVC.swift */; };
		82484F8C25A6CF0E0072E458 /* NotificationVCCell.swift in Sources */ = {isa = PBXBuildFile; fileRef = 82484F8B25A6CF0E0072E458 /* NotificationVCCell.swift */; };
		82484F8E25A6DB230072E458 /* MessegesVC.swift in Sources */ = {isa = PBXBuildFile; fileRef = 82484F8D25A6DB230072E458 /* MessegesVC.swift */; };
		82484F9025A6DE830072E458 /* MessegeVCCell.swift in Sources */ = {isa = PBXBuildFile; fileRef = 82484F8F25A6DE830072E458 /* MessegeVCCell.swift */; };
		82484F9225A6E6C80072E458 /* TotalOrdersVC.swift in Sources */ = {isa = PBXBuildFile; fileRef = 82484F9125A6E6C80072E458 /* TotalOrdersVC.swift */; };
		82484F9425A6E6EF0072E458 /* TotalOrderVCCell.swift in Sources */ = {isa = PBXBuildFile; fileRef = 82484F9325A6E6EF0072E458 /* TotalOrderVCCell.swift */; };
		8266B9FB25A4447200954E75 /* DashBoardVCCell.swift in Sources */ = {isa = PBXBuildFile; fileRef = 8266B9FA25A4447200954E75 /* DashBoardVCCell.swift */; };
		8281CC3825B6DD7D009FC8F2 /* SearchVC.swift in Sources */ = {isa = PBXBuildFile; fileRef = 8281CC3725B6DD7D009FC8F2 /* SearchVC.swift */; };
		8281CC3A25B6E18D009FC8F2 /* SearchVCCell.swift in Sources */ = {isa = PBXBuildFile; fileRef = 8281CC3925B6E18D009FC8F2 /* SearchVCCell.swift */; };
		8281CC3C25B6E5B0009FC8F2 /* DeliveryStatusVC.swift in Sources */ = {isa = PBXBuildFile; fileRef = 8281CC3B25B6E5B0009FC8F2 /* DeliveryStatusVC.swift */; };
		828469A525A477610049467A /* DashBoardRunningOrderVCCell.swift in Sources */ = {isa = PBXBuildFile; fileRef = 828469A425A477610049467A /* DashBoardRunningOrderVCCell.swift */; };
		828469A725A47E780049467A /* DashBoardOrderRequestVCCell.swift in Sources */ = {isa = PBXBuildFile; fileRef = 828469A625A47E780049467A /* DashBoardOrderRequestVCCell.swift */; };
		828469AB25A486350049467A /* MyFoodVC.swift in Sources */ = {isa = PBXBuildFile; fileRef = 828469AA25A486350049467A /* MyFoodVC.swift */; };
		828469AD25A486510049467A /* MyFoodVCCell.swift in Sources */ = {isa = PBXBuildFile; fileRef = 828469AC25A486510049467A /* MyFoodVCCell.swift */; };
		828469B325A498AE0049467A /* MyFoodDetailVCCell.swift in Sources */ = {isa = PBXBuildFile; fileRef = 828469B225A498AE0049467A /* MyFoodDetailVCCell.swift */; };
		828469B525A49AE80049467A /* EditItemsVC.swift in Sources */ = {isa = PBXBuildFile; fileRef = 828469B425A49AE80049467A /* EditItemsVC.swift */; };
		828469B725A49D840049467A /* EditItemVCCell.swift in Sources */ = {isa = PBXBuildFile; fileRef = 828469B625A49D840049467A /* EditItemVCCell.swift */; };
		82899D0425A3047400CDEC00 /* RegisterVC2.swift in Sources */ = {isa = PBXBuildFile; fileRef = 82899D0325A3047400CDEC00 /* RegisterVC2.swift */; };
		82899D0625A31C1900CDEC00 /* ForgotPassWordVC.swift in Sources */ = {isa = PBXBuildFile; fileRef = 82899D0525A31C1900CDEC00 /* ForgotPassWordVC.swift */; };
		82899D0825A31F2E00CDEC00 /* PassWordVarificationVC.swift in Sources */ = {isa = PBXBuildFile; fileRef = 82899D0725A31F2E00CDEC00 /* PassWordVarificationVC.swift */; };
		828B297125A5ED2C00EB8DCA /* PersonalInfoVC.swift in Sources */ = {isa = PBXBuildFile; fileRef = 828B297025A5ED2C00EB8DCA /* PersonalInfoVC.swift */; };
		828B297325A5F3AD00EB8DCA /* PersonalEditVC.swift in Sources */ = {isa = PBXBuildFile; fileRef = 828B297225A5F3AD00EB8DCA /* PersonalEditVC.swift */; };
		828B97CD25A473E7002DAA66 /* DashBoardRunningOrderVC.swift in Sources */ = {isa = PBXBuildFile; fileRef = 828B97CC25A473E7002DAA66 /* DashBoardRunningOrderVC.swift */; };
		828B97CF25A4741C002DAA66 /* DashBoardOrderRequestVC.swift in Sources */ = {isa = PBXBuildFile; fileRef = 828B97CE25A4741C002DAA66 /* DashBoardOrderRequestVC.swift */; };
		828C542B25AC6624006830EC /* TabVC.swift in Sources */ = {isa = PBXBuildFile; fileRef = 828C542A25AC6624006830EC /* TabVC.swift */; };
		828E0D6E25B80BA600790179 /* AddressVC2.swift in Sources */ = {isa = PBXBuildFile; fileRef = 828E0D6D25B80BA600790179 /* AddressVC2.swift */; };
		828E0D7025B8239300790179 /* MenuVC.swift in Sources */ = {isa = PBXBuildFile; fileRef = 828E0D6F25B8239300790179 /* MenuVC.swift */; };
		828E0D7225B8297300790179 /* PreviewVC.swift in Sources */ = {isa = PBXBuildFile; fileRef = 828E0D7125B8297300790179 /* PreviewVC.swift */; };
		828E0D7425B82E6E00790179 /* PreviewVCCell.swift in Sources */ = {isa = PBXBuildFile; fileRef = 828E0D7325B82E6E00790179 /* PreviewVCCell.swift */; };
		828E0D7625B831E000790179 /* PreviewIngVCCell.swift in Sources */ = {isa = PBXBuildFile; fileRef = 828E0D7525B831E000790179 /* PreviewIngVCCell.swift */; };
		8290027925A73001007F6C64 /* MessageDetailVC.swift in Sources */ = {isa = PBXBuildFile; fileRef = 8290027825A73001007F6C64 /* MessageDetailVC.swift */; };
		8295D94325A2EAFE0047C545 /* RegisterVC.swift in Sources */ = {isa = PBXBuildFile; fileRef = 8295D94225A2EAFE0047C545 /* RegisterVC.swift */; };
		829603C025A6FB3B00ED3F14 /* PaymentWithdrawVC2.swift in Sources */ = {isa = PBXBuildFile; fileRef = 829603BF25A6FB3B00ED3F14 /* PaymentWithdrawVC2.swift */; };
		829603C225A70F9D00ED3F14 /* PaymentMethodVC.swift in Sources */ = {isa = PBXBuildFile; fileRef = 829603C125A70F9D00ED3F14 /* PaymentMethodVC.swift */; };
		829603C425A70FE100ED3F14 /* PaymentMethodVCCell.swift in Sources */ = {isa = PBXBuildFile; fileRef = 829603C325A70FE100ED3F14 /* PaymentMethodVCCell.swift */; };
		829603C625A717D800ED3F14 /* PaymentSuccessVC.swift in Sources */ = {isa = PBXBuildFile; fileRef = 829603C525A717D800ED3F14 /* PaymentSuccessVC.swift */; };
		82A850D6259F29C500522965 /* DashBoardVC.swift in Sources */ = {isa = PBXBuildFile; fileRef = 82A850D5259F29C500522965 /* DashBoardVC.swift */; };
		82AD9F15259F334400EAA057 /* Poppins-ExtraLight.ttf in Resources */ = {isa = PBXBuildFile; fileRef = 82AD9F02259F334400EAA057 /* Poppins-ExtraLight.ttf */; };
		82AD9F16259F334400EAA057 /* Poppins-ThinItalic.ttf in Resources */ = {isa = PBXBuildFile; fileRef = 82AD9F03259F334400EAA057 /* Poppins-ThinItalic.ttf */; };
		82AD9F17259F334400EAA057 /* Poppins-ExtraLightItalic.ttf in Resources */ = {isa = PBXBuildFile; fileRef = 82AD9F04259F334400EAA057 /* Poppins-ExtraLightItalic.ttf */; };
		82AD9F18259F334400EAA057 /* Poppins-BoldItalic.ttf in Resources */ = {isa = PBXBuildFile; fileRef = 82AD9F05259F334400EAA057 /* Poppins-BoldItalic.ttf */; };
		82AD9F19259F334400EAA057 /* Poppins-Light.ttf in Resources */ = {isa = PBXBuildFile; fileRef = 82AD9F06259F334400EAA057 /* Poppins-Light.ttf */; };
		82AD9F1A259F334400EAA057 /* Poppins-Medium.ttf in Resources */ = {isa = PBXBuildFile; fileRef = 82AD9F07259F334400EAA057 /* Poppins-Medium.ttf */; };
		82AD9F1B259F334400EAA057 /* Poppins-SemiBoldItalic.ttf in Resources */ = {isa = PBXBuildFile; fileRef = 82AD9F08259F334400EAA057 /* Poppins-SemiBoldItalic.ttf */; };
		82AD9F1C259F334400EAA057 /* Poppins-ExtraBoldItalic.ttf in Resources */ = {isa = PBXBuildFile; fileRef = 82AD9F09259F334400EAA057 /* Poppins-ExtraBoldItalic.ttf */; };
		82AD9F1D259F334400EAA057 /* Poppins-ExtraBold.ttf in Resources */ = {isa = PBXBuildFile; fileRef = 82AD9F0A259F334400EAA057 /* Poppins-ExtraBold.ttf */; };
		82AD9F1E259F334400EAA057 /* Poppins-BlackItalic.ttf in Resources */ = {isa = PBXBuildFile; fileRef = 82AD9F0B259F334400EAA057 /* Poppins-BlackItalic.ttf */; };
		82AD9F1F259F334400EAA057 /* OFL.txt in Resources */ = {isa = PBXBuildFile; fileRef = 82AD9F0C259F334400EAA057 /* OFL.txt */; };
		82AD9F20259F334400EAA057 /* Poppins-Regular.ttf in Resources */ = {isa = PBXBuildFile; fileRef = 82AD9F0D259F334400EAA057 /* Poppins-Regular.ttf */; };
		82AD9F21259F334400EAA057 /* Poppins-LightItalic.ttf in Resources */ = {isa = PBXBuildFile; fileRef = 82AD9F0E259F334400EAA057 /* Poppins-LightItalic.ttf */; };
		82AD9F22259F334400EAA057 /* Poppins-Bold.ttf in Resources */ = {isa = PBXBuildFile; fileRef = 82AD9F0F259F334400EAA057 /* Poppins-Bold.ttf */; };
		82AD9F23259F334400EAA057 /* Poppins-Black.ttf in Resources */ = {isa = PBXBuildFile; fileRef = 82AD9F10259F334400EAA057 /* Poppins-Black.ttf */; };
		82AD9F24259F334400EAA057 /* Poppins-Thin.ttf in Resources */ = {isa = PBXBuildFile; fileRef = 82AD9F11259F334400EAA057 /* Poppins-Thin.ttf */; };
		82AD9F25259F334400EAA057 /* Poppins-SemiBold.ttf in Resources */ = {isa = PBXBuildFile; fileRef = 82AD9F12259F334400EAA057 /* Poppins-SemiBold.ttf */; };
		82AD9F26259F334400EAA057 /* Poppins-Italic.ttf in Resources */ = {isa = PBXBuildFile; fileRef = 82AD9F13259F334400EAA057 /* Poppins-Italic.ttf */; };
		82AD9F27259F334400EAA057 /* Poppins-MediumItalic.ttf in Resources */ = {isa = PBXBuildFile; fileRef = 82AD9F14259F334400EAA057 /* Poppins-MediumItalic.ttf */; };
		82B63604259F220200FFCA39 /* AppDelegate.swift in Sources */ = {isa = PBXBuildFile; fileRef = 82B63603259F220200FFCA39 /* AppDelegate.swift */; };
		82B63606259F220200FFCA39 /* WelComeVC.swift in Sources */ = {isa = PBXBuildFile; fileRef = 82B63605259F220200FFCA39 /* WelComeVC.swift */; };
		82B6360B259F220300FFCA39 /* Assets.xcassets in Resources */ = {isa = PBXBuildFile; fileRef = 82B6360A259F220300FFCA39 /* Assets.xcassets */; };
		82B6360E259F220300FFCA39 /* LaunchScreen.storyboard in Resources */ = {isa = PBXBuildFile; fileRef = 82B6360C259F220300FFCA39 /* LaunchScreen.storyboard */; };
		82C03D54259F56550001ADCC /* ReViewVC.swift in Sources */ = {isa = PBXBuildFile; fileRef = 82C03D53259F56550001ADCC /* ReViewVC.swift */; };
		82C03D56259F59E40001ADCC /* ReViewVCCell.swift in Sources */ = {isa = PBXBuildFile; fileRef = 82C03D55259F59E40001ADCC /* ReViewVCCell.swift */; };
		82D147C725AB0C83002073A6 /* HomeVC.swift in Sources */ = {isa = PBXBuildFile; fileRef = 82D147C625AB0C83002073A6 /* HomeVC.swift */; };
		82D147C925AB1299002073A6 /* HomeVCCell.swift in Sources */ = {isa = PBXBuildFile; fileRef = 82D147C825AB1299002073A6 /* HomeVCCell.swift */; };
		82DFB33125B6A2B8004518B4 /* AddressVCCell.swift in Sources */ = {isa = PBXBuildFile; fileRef = 82DFB33025B6A2B8004518B4 /* AddressVCCell.swift */; };
		82E4934725A466A300409613 /* RevenueVC.swift in Sources */ = {isa = PBXBuildFile; fileRef = 82E4934625A466A300409613 /* RevenueVC.swift */; };
		82E4934925A46A2300409613 /* RevenueVCCell.swift in Sources */ = {isa = PBXBuildFile; fileRef = 82E4934825A46A2300409613 /* RevenueVCCell.swift */; };
		82E4DF2A25A71DDE0038DF38 /* SettingVC.swift in Sources */ = {isa = PBXBuildFile; fileRef = 82E4DF2925A71DDE0038DF38 /* SettingVC.swift */; };
		82E9588725AC162C006ED26A /* HomeVC3.swift in Sources */ = {isa = PBXBuildFile; fileRef = 82E9588625AC162C006ED26A /* HomeVC3.swift */; };
		82E9588B25AC2917006ED26A /* HomeVC3Cell.swift in Sources */ = {isa = PBXBuildFile; fileRef = 82E9588A25AC2917006ED26A /* HomeVC3Cell.swift */; };
		82E9588D25AC3495006ED26A /* Extension.swift in Sources */ = {isa = PBXBuildFile; fileRef = 82E9588C25AC3495006ED26A /* Extension.swift */; };
		8449D29625B94B7200B39058 /* Customer_TabVC.swift in Sources */ = {isa = PBXBuildFile; fileRef = 8449D29525B94B7200B39058 /* Customer_TabVC.swift */; };
		8449D29A25B9551400B39058 /* FavVC.swift in Sources */ = {isa = PBXBuildFile; fileRef = 8449D29925B9551400B39058 /* FavVC.swift */; };
		8449D2A225B98F5D00B39058 /* Customer_PaymentVC.swift in Sources */ = {isa = PBXBuildFile; fileRef = 8449D2A125B98F5D00B39058 /* Customer_PaymentVC.swift */; };
		8449D2A625B990FD00B39058 /* Customer_PaymentVCCell.swift in Sources */ = {isa = PBXBuildFile; fileRef = 8449D2A525B990FD00B39058 /* Customer_PaymentVCCell.swift */; };
		8449D2AA25B9B1EB00B39058 /* Customer_NotificationVC.swift in Sources */ = {isa = PBXBuildFile; fileRef = 8449D2A925B9B1EB00B39058 /* Customer_NotificationVC.swift */; };
		8449D2AE25B9B2C400B39058 /* Customer_NotificationVCCell.swift in Sources */ = {isa = PBXBuildFile; fileRef = 8449D2AD25B9B2C400B39058 /* Customer_NotificationVCCell.swift */; };
		8449D2B125B9BB4700B39058 /* Customer_PersonalInfoVC.swift in Sources */ = {isa = PBXBuildFile; fileRef = 8449D2B025B9BB4700B39058 /* Customer_PersonalInfoVC.swift */; };
		8449D2B525B9BF0400B39058 /* Customer_FAQVC.swift in Sources */ = {isa = PBXBuildFile; fileRef = 8449D2B425B9BF0400B39058 /* Customer_FAQVC.swift */; };
		8449D2B925B9BF5500B39058 /* Customer_OrderVC.swift in Sources */ = {isa = PBXBuildFile; fileRef = 8449D2B825B9BF5500B39058 /* Customer_OrderVC.swift */; };
		844C624825BC244000BE58E1 /* Customer_OrderVCCell.swift in Sources */ = {isa = PBXBuildFile; fileRef = 844C624725BC244000BE58E1 /* Customer_OrderVCCell.swift */; };
		844C624B25BC28FA00BE58E1 /* Customer_OrderTblCell.swift in Sources */ = {isa = PBXBuildFile; fileRef = 844C624A25BC28FA00BE58E1 /* Customer_OrderTblCell.swift */; };
		844E651125C2809C00A13109 /* Forgot_VarificationCodeResponseModel.swift in Sources */ = {isa = PBXBuildFile; fileRef = 844E651025C2809C00A13109 /* Forgot_VarificationCodeResponseModel.swift */; };
		844E651E25C293D800A13109 /* Main.storyboard in Resources */ = {isa = PBXBuildFile; fileRef = 844E651D25C293D800A13109 /* Main.storyboard */; };
		844E652925C2B2D200A13109 /* ResendOTPResponseModel.swift in Sources */ = {isa = PBXBuildFile; fileRef = 844E652825C2B2D200A13109 /* ResendOTPResponseModel.swift */; };
		845AEB6E25BAB3D9004922C9 /* CustomFaqtblCell.swift in Sources */ = {isa = PBXBuildFile; fileRef = 845AEB6D25BAB3D9004922C9 /* CustomFaqtblCell.swift */; };
		845AEB7425BAF5C1004922C9 /* collHomeDetailCell.swift in Sources */ = {isa = PBXBuildFile; fileRef = 845AEB7325BAF5C1004922C9 /* collHomeDetailCell.swift */; };
		84703D2325B8480B00E47970 /* CreateAccountVC.swift in Sources */ = {isa = PBXBuildFile; fileRef = 84703D2225B8480B00E47970 /* CreateAccountVC.swift */; };
		84A82D5625C1651C00C2D42D /* CommonManager.swift in Sources */ = {isa = PBXBuildFile; fileRef = 84A82D5525C1651C00C2D42D /* CommonManager.swift */; };
		84A82D5A25C1653800C2D42D /* ApiManager.swift in Sources */ = {isa = PBXBuildFile; fileRef = 84A82D5925C1653800C2D42D /* ApiManager.swift */; };
		84A82D5E25C1655900C2D42D /* ApiList.swift in Sources */ = {isa = PBXBuildFile; fileRef = 84A82D5D25C1655900C2D42D /* ApiList.swift */; };
		84A82D6B25C1659600C2D42D /* AJAlertController.xib in Resources */ = {isa = PBXBuildFile; fileRef = 84A82D6925C1659600C2D42D /* AJAlertController.xib */; };
		84A82D6C25C1659600C2D42D /* AJAlertController.swift in Sources */ = {isa = PBXBuildFile; fileRef = 84A82D6A25C1659600C2D42D /* AJAlertController.swift */; };
		84A82DB325C16A8F00C2D42D /* LoginResponseModel.swift in Sources */ = {isa = PBXBuildFile; fileRef = 84A82DB225C16A8F00C2D42D /* LoginResponseModel.swift */; };
		84A82DDE25C16BF400C2D42D /* Utils.swift in Sources */ = {isa = PBXBuildFile; fileRef = 84A82DDD25C16BF400C2D42D /* Utils.swift */; };
		84A82E4825C17FC900C2D42D /* ForgotPasswordResponseModel.swift in Sources */ = {isa = PBXBuildFile; fileRef = 84A82E4725C17FC900C2D42D /* ForgotPasswordResponseModel.swift */; };
/* End PBXBuildFile section */

/* Begin PBXFileReference section */
		4500B375E1D3448522A39066 /* Pods-HomeCook'd.debug.xcconfig */ = {isa = PBXFileReference; includeInIndex = 1; lastKnownFileType = text.xcconfig; name = "Pods-HomeCook'd.debug.xcconfig"; path = "Target Support Files/Pods-HomeCook'd/Pods-HomeCook'd.debug.xcconfig"; sourceTree = "<group>"; };
		82032D0725B5B0990046B841 /* RatingVC.swift */ = {isa = PBXFileReference; lastKnownFileType = sourcecode.swift; path = RatingVC.swift; sourceTree = "<group>"; };
		82032D0925B5BBC90046B841 /* AddNewCardVC.swift */ = {isa = PBXFileReference; lastKnownFileType = sourcecode.swift; path = AddNewCardVC.swift; sourceTree = "<group>"; };
		82032D0B25B5BFCE0046B841 /* Terms&ConditionVC.swift */ = {isa = PBXFileReference; lastKnownFileType = sourcecode.swift; path = "Terms&ConditionVC.swift"; sourceTree = "<group>"; };
		82032D0D25B5C1D60046B841 /* AddressVC.swift */ = {isa = PBXFileReference; lastKnownFileType = sourcecode.swift; path = AddressVC.swift; sourceTree = "<group>"; };
		8205C18025A5D42900E602DE /* AddNewItemVC.swift */ = {isa = PBXFileReference; lastKnownFileType = sourcecode.swift; path = AddNewItemVC.swift; sourceTree = "<group>"; };
		8205C18225A5D7CE00E602DE /* AddNewItemVCCell.swift */ = {isa = PBXFileReference; lastKnownFileType = sourcecode.swift; path = AddNewItemVCCell.swift; sourceTree = "<group>"; };
		8205C18425A5E4A200E602DE /* PaymentWithdrawVC.swift */ = {isa = PBXFileReference; lastKnownFileType = sourcecode.swift; path = PaymentWithdrawVC.swift; sourceTree = "<group>"; };
		8208D99325B59D6C00B57A24 /* CartVCCell.swift */ = {isa = PBXFileReference; lastKnownFileType = sourcecode.swift; path = CartVCCell.swift; sourceTree = "<group>"; };
		820CFBD225B5937D0043756E /* CartVC.swift */ = {isa = PBXFileReference; lastKnownFileType = sourcecode.swift; path = CartVC.swift; sourceTree = "<group>"; };
		820D05C025A5BCCD009508F3 /* BottomPopupUtils.swift */ = {isa = PBXFileReference; fileEncoding = 4; lastKnownFileType = sourcecode.swift; path = BottomPopupUtils.swift; sourceTree = "<group>"; };
		820D05C125A5BCCD009508F3 /* BottomPopupViewController.swift */ = {isa = PBXFileReference; fileEncoding = 4; lastKnownFileType = sourcecode.swift; path = BottomPopupViewController.swift; sourceTree = "<group>"; };
		820D05C225A5BCCD009508F3 /* BottomPopupDismissInteractionController.swift */ = {isa = PBXFileReference; fileEncoding = 4; lastKnownFileType = sourcecode.swift; path = BottomPopupDismissInteractionController.swift; sourceTree = "<group>"; };
		820D05C325A5BCCD009508F3 /* BottomPopupNavigationController.swift */ = {isa = PBXFileReference; fileEncoding = 4; lastKnownFileType = sourcecode.swift; path = BottomPopupNavigationController.swift; sourceTree = "<group>"; };
		820D05C425A5BCCD009508F3 /* BottomPopupDismissAnimator.swift */ = {isa = PBXFileReference; fileEncoding = 4; lastKnownFileType = sourcecode.swift; path = BottomPopupDismissAnimator.swift; sourceTree = "<group>"; };
		820D05C525A5BCCD009508F3 /* BottomPopupPresentAnimator.swift */ = {isa = PBXFileReference; fileEncoding = 4; lastKnownFileType = sourcecode.swift; path = BottomPopupPresentAnimator.swift; sourceTree = "<group>"; };
		820D05C625A5BCCD009508F3 /* BottomPopupTransitionHandler.swift */ = {isa = PBXFileReference; fileEncoding = 4; lastKnownFileType = sourcecode.swift; path = BottomPopupTransitionHandler.swift; sourceTree = "<group>"; };
		820D05C725A5BCCD009508F3 /* BottomPopupPresentationController.swift */ = {isa = PBXFileReference; fileEncoding = 4; lastKnownFileType = sourcecode.swift; path = BottomPopupPresentationController.swift; sourceTree = "<group>"; };
		82165CD725B583B7005C2361 /* collImages.swift */ = {isa = PBXFileReference; lastKnownFileType = sourcecode.swift; path = collImages.swift; sourceTree = "<group>"; };
		821F45C925B6EAF300EB8265 /* HomeCook'd.app */ = {isa = PBXFileReference; explicitFileType = wrapper.application; includeInIndex = 0; path = "HomeCook'd.app"; sourceTree = BUILT_PRODUCTS_DIR; };
		821F45CA25B6F6BF00EB8265 /* TrackingOrderVC.swift */ = {isa = PBXFileReference; lastKnownFileType = sourcecode.swift; path = TrackingOrderVC.swift; sourceTree = "<group>"; };
		82250C4825A2D9E9007E46DD /* LogInVC.swift */ = {isa = PBXFileReference; lastKnownFileType = sourcecode.swift; path = LogInVC.swift; sourceTree = "<group>"; };
		823077D925A5803A004B930A /* ArrayExtension.swift */ = {isa = PBXFileReference; fileEncoding = 4; lastKnownFileType = sourcecode.swift; path = ArrayExtension.swift; sourceTree = "<group>"; };
		823077DA25A5803A004B930A /* CALayerExtension.swift */ = {isa = PBXFileReference; fileEncoding = 4; lastKnownFileType = sourcecode.swift; path = CALayerExtension.swift; sourceTree = "<group>"; };
		823077DB25A5803A004B930A /* CustomSegments.swift */ = {isa = PBXFileReference; fileEncoding = 4; lastKnownFileType = sourcecode.swift; path = CustomSegments.swift; sourceTree = "<group>"; };
		823077DC25A5803B004B930A /* DataEntry.swift */ = {isa = PBXFileReference; fileEncoding = 4; lastKnownFileType = sourcecode.swift; path = DataEntry.swift; sourceTree = "<group>"; };
		823077DD25A5803B004B930A /* UIBezierPathExtension.swift */ = {isa = PBXFileReference; fileEncoding = 4; lastKnownFileType = sourcecode.swift; path = UIBezierPathExtension.swift; sourceTree = "<group>"; };
		823077E325A58047004B930A /* BasicBarChartPresenter.swift */ = {isa = PBXFileReference; fileEncoding = 4; lastKnownFileType = sourcecode.swift; path = BasicBarChartPresenter.swift; sourceTree = "<group>"; };
		823077E425A58047004B930A /* BasicBarEntry.swift */ = {isa = PBXFileReference; fileEncoding = 4; lastKnownFileType = sourcecode.swift; path = BasicBarEntry.swift; sourceTree = "<group>"; };
		823077E525A58047004B930A /* BasicBarChart.swift */ = {isa = PBXFileReference; fileEncoding = 4; lastKnownFileType = sourcecode.swift; path = BasicBarChart.swift; sourceTree = "<group>"; };
		823077E925A5968A004B930A /* MyFoodDetailVC.swift */ = {isa = PBXFileReference; lastKnownFileType = sourcecode.swift; path = MyFoodDetailVC.swift; sourceTree = "<group>"; };
		82484F8925A6C9050072E458 /* NotificationVC.swift */ = {isa = PBXFileReference; lastKnownFileType = sourcecode.swift; path = NotificationVC.swift; sourceTree = "<group>"; };
		82484F8B25A6CF0E0072E458 /* NotificationVCCell.swift */ = {isa = PBXFileReference; lastKnownFileType = sourcecode.swift; path = NotificationVCCell.swift; sourceTree = "<group>"; };
		82484F8D25A6DB230072E458 /* MessegesVC.swift */ = {isa = PBXFileReference; lastKnownFileType = sourcecode.swift; path = MessegesVC.swift; sourceTree = "<group>"; };
		82484F8F25A6DE830072E458 /* MessegeVCCell.swift */ = {isa = PBXFileReference; lastKnownFileType = sourcecode.swift; path = MessegeVCCell.swift; sourceTree = "<group>"; };
		82484F9125A6E6C80072E458 /* TotalOrdersVC.swift */ = {isa = PBXFileReference; lastKnownFileType = sourcecode.swift; path = TotalOrdersVC.swift; sourceTree = "<group>"; };
		82484F9325A6E6EF0072E458 /* TotalOrderVCCell.swift */ = {isa = PBXFileReference; lastKnownFileType = sourcecode.swift; path = TotalOrderVCCell.swift; sourceTree = "<group>"; };
		8266B9FA25A4447200954E75 /* DashBoardVCCell.swift */ = {isa = PBXFileReference; lastKnownFileType = sourcecode.swift; path = DashBoardVCCell.swift; sourceTree = "<group>"; };
		8281CC3725B6DD7D009FC8F2 /* SearchVC.swift */ = {isa = PBXFileReference; lastKnownFileType = sourcecode.swift; path = SearchVC.swift; sourceTree = "<group>"; };
		8281CC3925B6E18D009FC8F2 /* SearchVCCell.swift */ = {isa = PBXFileReference; lastKnownFileType = sourcecode.swift; path = SearchVCCell.swift; sourceTree = "<group>"; };
		8281CC3B25B6E5B0009FC8F2 /* DeliveryStatusVC.swift */ = {isa = PBXFileReference; lastKnownFileType = sourcecode.swift; path = DeliveryStatusVC.swift; sourceTree = "<group>"; };
		828469A425A477610049467A /* DashBoardRunningOrderVCCell.swift */ = {isa = PBXFileReference; lastKnownFileType = sourcecode.swift; path = DashBoardRunningOrderVCCell.swift; sourceTree = "<group>"; };
		828469A625A47E780049467A /* DashBoardOrderRequestVCCell.swift */ = {isa = PBXFileReference; lastKnownFileType = sourcecode.swift; path = DashBoardOrderRequestVCCell.swift; sourceTree = "<group>"; };
		828469AA25A486350049467A /* MyFoodVC.swift */ = {isa = PBXFileReference; lastKnownFileType = sourcecode.swift; path = MyFoodVC.swift; sourceTree = "<group>"; };
		828469AC25A486510049467A /* MyFoodVCCell.swift */ = {isa = PBXFileReference; lastKnownFileType = sourcecode.swift; path = MyFoodVCCell.swift; sourceTree = "<group>"; };
		828469B225A498AE0049467A /* MyFoodDetailVCCell.swift */ = {isa = PBXFileReference; lastKnownFileType = sourcecode.swift; path = MyFoodDetailVCCell.swift; sourceTree = "<group>"; };
		828469B425A49AE80049467A /* EditItemsVC.swift */ = {isa = PBXFileReference; lastKnownFileType = sourcecode.swift; path = EditItemsVC.swift; sourceTree = "<group>"; };
		828469B625A49D840049467A /* EditItemVCCell.swift */ = {isa = PBXFileReference; lastKnownFileType = sourcecode.swift; path = EditItemVCCell.swift; sourceTree = "<group>"; };
		82899D0325A3047400CDEC00 /* RegisterVC2.swift */ = {isa = PBXFileReference; lastKnownFileType = sourcecode.swift; path = RegisterVC2.swift; sourceTree = "<group>"; };
		82899D0525A31C1900CDEC00 /* ForgotPassWordVC.swift */ = {isa = PBXFileReference; lastKnownFileType = sourcecode.swift; path = ForgotPassWordVC.swift; sourceTree = "<group>"; };
		82899D0725A31F2E00CDEC00 /* PassWordVarificationVC.swift */ = {isa = PBXFileReference; lastKnownFileType = sourcecode.swift; path = PassWordVarificationVC.swift; sourceTree = "<group>"; };
		828B297025A5ED2C00EB8DCA /* PersonalInfoVC.swift */ = {isa = PBXFileReference; lastKnownFileType = sourcecode.swift; path = PersonalInfoVC.swift; sourceTree = "<group>"; };
		828B297225A5F3AD00EB8DCA /* PersonalEditVC.swift */ = {isa = PBXFileReference; lastKnownFileType = sourcecode.swift; path = PersonalEditVC.swift; sourceTree = "<group>"; };
		828B97CC25A473E7002DAA66 /* DashBoardRunningOrderVC.swift */ = {isa = PBXFileReference; lastKnownFileType = sourcecode.swift; path = DashBoardRunningOrderVC.swift; sourceTree = "<group>"; };
		828B97CE25A4741C002DAA66 /* DashBoardOrderRequestVC.swift */ = {isa = PBXFileReference; lastKnownFileType = sourcecode.swift; path = DashBoardOrderRequestVC.swift; sourceTree = "<group>"; };
		828C542A25AC6624006830EC /* TabVC.swift */ = {isa = PBXFileReference; lastKnownFileType = sourcecode.swift; path = TabVC.swift; sourceTree = "<group>"; };
		828E0D6D25B80BA600790179 /* AddressVC2.swift */ = {isa = PBXFileReference; lastKnownFileType = sourcecode.swift; path = AddressVC2.swift; sourceTree = "<group>"; };
		828E0D6F25B8239300790179 /* MenuVC.swift */ = {isa = PBXFileReference; lastKnownFileType = sourcecode.swift; path = MenuVC.swift; sourceTree = "<group>"; };
		828E0D7125B8297300790179 /* PreviewVC.swift */ = {isa = PBXFileReference; lastKnownFileType = sourcecode.swift; path = PreviewVC.swift; sourceTree = "<group>"; };
		828E0D7325B82E6E00790179 /* PreviewVCCell.swift */ = {isa = PBXFileReference; lastKnownFileType = sourcecode.swift; path = PreviewVCCell.swift; sourceTree = "<group>"; };
		828E0D7525B831E000790179 /* PreviewIngVCCell.swift */ = {isa = PBXFileReference; lastKnownFileType = sourcecode.swift; path = PreviewIngVCCell.swift; sourceTree = "<group>"; };
		8290027825A73001007F6C64 /* MessageDetailVC.swift */ = {isa = PBXFileReference; lastKnownFileType = sourcecode.swift; path = MessageDetailVC.swift; sourceTree = "<group>"; };
		8295D94225A2EAFE0047C545 /* RegisterVC.swift */ = {isa = PBXFileReference; lastKnownFileType = sourcecode.swift; path = RegisterVC.swift; sourceTree = "<group>"; };
		829603BF25A6FB3B00ED3F14 /* PaymentWithdrawVC2.swift */ = {isa = PBXFileReference; lastKnownFileType = sourcecode.swift; path = PaymentWithdrawVC2.swift; sourceTree = "<group>"; };
		829603C125A70F9D00ED3F14 /* PaymentMethodVC.swift */ = {isa = PBXFileReference; lastKnownFileType = sourcecode.swift; path = PaymentMethodVC.swift; sourceTree = "<group>"; };
		829603C325A70FE100ED3F14 /* PaymentMethodVCCell.swift */ = {isa = PBXFileReference; lastKnownFileType = sourcecode.swift; path = PaymentMethodVCCell.swift; sourceTree = "<group>"; };
		829603C525A717D800ED3F14 /* PaymentSuccessVC.swift */ = {isa = PBXFileReference; lastKnownFileType = sourcecode.swift; path = PaymentSuccessVC.swift; sourceTree = "<group>"; };
		82A850D5259F29C500522965 /* DashBoardVC.swift */ = {isa = PBXFileReference; lastKnownFileType = sourcecode.swift; path = DashBoardVC.swift; sourceTree = "<group>"; };
		82AD9F02259F334400EAA057 /* Poppins-ExtraLight.ttf */ = {isa = PBXFileReference; lastKnownFileType = file; path = "Poppins-ExtraLight.ttf"; sourceTree = "<group>"; };
		82AD9F03259F334400EAA057 /* Poppins-ThinItalic.ttf */ = {isa = PBXFileReference; lastKnownFileType = file; path = "Poppins-ThinItalic.ttf"; sourceTree = "<group>"; };
		82AD9F04259F334400EAA057 /* Poppins-ExtraLightItalic.ttf */ = {isa = PBXFileReference; lastKnownFileType = file; path = "Poppins-ExtraLightItalic.ttf"; sourceTree = "<group>"; };
		82AD9F05259F334400EAA057 /* Poppins-BoldItalic.ttf */ = {isa = PBXFileReference; lastKnownFileType = file; path = "Poppins-BoldItalic.ttf"; sourceTree = "<group>"; };
		82AD9F06259F334400EAA057 /* Poppins-Light.ttf */ = {isa = PBXFileReference; lastKnownFileType = file; path = "Poppins-Light.ttf"; sourceTree = "<group>"; };
		82AD9F07259F334400EAA057 /* Poppins-Medium.ttf */ = {isa = PBXFileReference; lastKnownFileType = file; path = "Poppins-Medium.ttf"; sourceTree = "<group>"; };
		82AD9F08259F334400EAA057 /* Poppins-SemiBoldItalic.ttf */ = {isa = PBXFileReference; lastKnownFileType = file; path = "Poppins-SemiBoldItalic.ttf"; sourceTree = "<group>"; };
		82AD9F09259F334400EAA057 /* Poppins-ExtraBoldItalic.ttf */ = {isa = PBXFileReference; lastKnownFileType = file; path = "Poppins-ExtraBoldItalic.ttf"; sourceTree = "<group>"; };
		82AD9F0A259F334400EAA057 /* Poppins-ExtraBold.ttf */ = {isa = PBXFileReference; lastKnownFileType = file; path = "Poppins-ExtraBold.ttf"; sourceTree = "<group>"; };
		82AD9F0B259F334400EAA057 /* Poppins-BlackItalic.ttf */ = {isa = PBXFileReference; lastKnownFileType = file; path = "Poppins-BlackItalic.ttf"; sourceTree = "<group>"; };
		82AD9F0C259F334400EAA057 /* OFL.txt */ = {isa = PBXFileReference; fileEncoding = 4; lastKnownFileType = text; path = OFL.txt; sourceTree = "<group>"; };
		82AD9F0D259F334400EAA057 /* Poppins-Regular.ttf */ = {isa = PBXFileReference; lastKnownFileType = file; path = "Poppins-Regular.ttf"; sourceTree = "<group>"; };
		82AD9F0E259F334400EAA057 /* Poppins-LightItalic.ttf */ = {isa = PBXFileReference; lastKnownFileType = file; path = "Poppins-LightItalic.ttf"; sourceTree = "<group>"; };
		82AD9F0F259F334400EAA057 /* Poppins-Bold.ttf */ = {isa = PBXFileReference; lastKnownFileType = file; path = "Poppins-Bold.ttf"; sourceTree = "<group>"; };
		82AD9F10259F334400EAA057 /* Poppins-Black.ttf */ = {isa = PBXFileReference; lastKnownFileType = file; path = "Poppins-Black.ttf"; sourceTree = "<group>"; };
		82AD9F11259F334400EAA057 /* Poppins-Thin.ttf */ = {isa = PBXFileReference; lastKnownFileType = file; path = "Poppins-Thin.ttf"; sourceTree = "<group>"; };
		82AD9F12259F334400EAA057 /* Poppins-SemiBold.ttf */ = {isa = PBXFileReference; lastKnownFileType = file; path = "Poppins-SemiBold.ttf"; sourceTree = "<group>"; };
		82AD9F13259F334400EAA057 /* Poppins-Italic.ttf */ = {isa = PBXFileReference; lastKnownFileType = file; path = "Poppins-Italic.ttf"; sourceTree = "<group>"; };
		82AD9F14259F334400EAA057 /* Poppins-MediumItalic.ttf */ = {isa = PBXFileReference; lastKnownFileType = file; path = "Poppins-MediumItalic.ttf"; sourceTree = "<group>"; };
		82B63603259F220200FFCA39 /* AppDelegate.swift */ = {isa = PBXFileReference; lastKnownFileType = sourcecode.swift; path = AppDelegate.swift; sourceTree = "<group>"; };
		82B63605259F220200FFCA39 /* WelComeVC.swift */ = {isa = PBXFileReference; lastKnownFileType = sourcecode.swift; path = WelComeVC.swift; sourceTree = "<group>"; };
		82B6360A259F220300FFCA39 /* Assets.xcassets */ = {isa = PBXFileReference; lastKnownFileType = folder.assetcatalog; path = Assets.xcassets; sourceTree = "<group>"; };
		82B6360D259F220300FFCA39 /* Base */ = {isa = PBXFileReference; lastKnownFileType = file.storyboard; name = Base; path = Base.lproj/LaunchScreen.storyboard; sourceTree = "<group>"; };
		82B6360F259F220300FFCA39 /* Info.plist */ = {isa = PBXFileReference; lastKnownFileType = text.plist.xml; path = Info.plist; sourceTree = "<group>"; };
		82B63615259F225800FFCA39 /* HomeCook'd-Bridging-Header.h */ = {isa = PBXFileReference; lastKnownFileType = sourcecode.c.h; path = "HomeCook'd-Bridging-Header.h"; sourceTree = "<group>"; };
		82C03D53259F56550001ADCC /* ReViewVC.swift */ = {isa = PBXFileReference; lastKnownFileType = sourcecode.swift; path = ReViewVC.swift; sourceTree = "<group>"; };
		82C03D55259F59E40001ADCC /* ReViewVCCell.swift */ = {isa = PBXFileReference; lastKnownFileType = sourcecode.swift; path = ReViewVCCell.swift; sourceTree = "<group>"; };
		82D147C625AB0C83002073A6 /* HomeVC.swift */ = {isa = PBXFileReference; lastKnownFileType = sourcecode.swift; path = HomeVC.swift; sourceTree = "<group>"; };
		82D147C825AB1299002073A6 /* HomeVCCell.swift */ = {isa = PBXFileReference; lastKnownFileType = sourcecode.swift; path = HomeVCCell.swift; sourceTree = "<group>"; };
		82DFB33025B6A2B8004518B4 /* AddressVCCell.swift */ = {isa = PBXFileReference; lastKnownFileType = sourcecode.swift; path = AddressVCCell.swift; sourceTree = "<group>"; };
		82E4934625A466A300409613 /* RevenueVC.swift */ = {isa = PBXFileReference; lastKnownFileType = sourcecode.swift; path = RevenueVC.swift; sourceTree = "<group>"; };
		82E4934825A46A2300409613 /* RevenueVCCell.swift */ = {isa = PBXFileReference; lastKnownFileType = sourcecode.swift; path = RevenueVCCell.swift; sourceTree = "<group>"; };
		82E4DF2925A71DDE0038DF38 /* SettingVC.swift */ = {isa = PBXFileReference; lastKnownFileType = sourcecode.swift; path = SettingVC.swift; sourceTree = "<group>"; };
		82E9588625AC162C006ED26A /* HomeVC3.swift */ = {isa = PBXFileReference; lastKnownFileType = sourcecode.swift; path = HomeVC3.swift; sourceTree = "<group>"; };
		82E9588A25AC2917006ED26A /* HomeVC3Cell.swift */ = {isa = PBXFileReference; lastKnownFileType = sourcecode.swift; path = HomeVC3Cell.swift; sourceTree = "<group>"; };
		82E9588C25AC3495006ED26A /* Extension.swift */ = {isa = PBXFileReference; fileEncoding = 4; lastKnownFileType = sourcecode.swift; path = Extension.swift; sourceTree = "<group>"; };
		8449D29525B94B7200B39058 /* Customer_TabVC.swift */ = {isa = PBXFileReference; lastKnownFileType = sourcecode.swift; path = Customer_TabVC.swift; sourceTree = "<group>"; };
		8449D29925B9551400B39058 /* FavVC.swift */ = {isa = PBXFileReference; lastKnownFileType = sourcecode.swift; path = FavVC.swift; sourceTree = "<group>"; };
		8449D2A125B98F5D00B39058 /* Customer_PaymentVC.swift */ = {isa = PBXFileReference; lastKnownFileType = sourcecode.swift; path = Customer_PaymentVC.swift; sourceTree = "<group>"; };
		8449D2A525B990FD00B39058 /* Customer_PaymentVCCell.swift */ = {isa = PBXFileReference; lastKnownFileType = sourcecode.swift; path = Customer_PaymentVCCell.swift; sourceTree = "<group>"; };
		8449D2A925B9B1EB00B39058 /* Customer_NotificationVC.swift */ = {isa = PBXFileReference; lastKnownFileType = sourcecode.swift; path = Customer_NotificationVC.swift; sourceTree = "<group>"; };
		8449D2AD25B9B2C400B39058 /* Customer_NotificationVCCell.swift */ = {isa = PBXFileReference; lastKnownFileType = sourcecode.swift; path = Customer_NotificationVCCell.swift; sourceTree = "<group>"; };
		8449D2B025B9BB4700B39058 /* Customer_PersonalInfoVC.swift */ = {isa = PBXFileReference; lastKnownFileType = sourcecode.swift; path = Customer_PersonalInfoVC.swift; sourceTree = "<group>"; };
		8449D2B425B9BF0400B39058 /* Customer_FAQVC.swift */ = {isa = PBXFileReference; lastKnownFileType = sourcecode.swift; path = Customer_FAQVC.swift; sourceTree = "<group>"; };
		8449D2B825B9BF5500B39058 /* Customer_OrderVC.swift */ = {isa = PBXFileReference; lastKnownFileType = sourcecode.swift; path = Customer_OrderVC.swift; sourceTree = "<group>"; };
		844C624725BC244000BE58E1 /* Customer_OrderVCCell.swift */ = {isa = PBXFileReference; lastKnownFileType = sourcecode.swift; path = Customer_OrderVCCell.swift; sourceTree = "<group>"; };
		844C624A25BC28FA00BE58E1 /* Customer_OrderTblCell.swift */ = {isa = PBXFileReference; lastKnownFileType = sourcecode.swift; path = Customer_OrderTblCell.swift; sourceTree = "<group>"; };
		844E651025C2809C00A13109 /* Forgot_VarificationCodeResponseModel.swift */ = {isa = PBXFileReference; lastKnownFileType = sourcecode.swift; path = Forgot_VarificationCodeResponseModel.swift; sourceTree = "<group>"; };
		844E651D25C293D800A13109 /* Main.storyboard */ = {isa = PBXFileReference; fileEncoding = 4; lastKnownFileType = file.storyboard; path = Main.storyboard; sourceTree = "<group>"; };
		844E652825C2B2D200A13109 /* ResendOTPResponseModel.swift */ = {isa = PBXFileReference; lastKnownFileType = sourcecode.swift; path = ResendOTPResponseModel.swift; sourceTree = "<group>"; };
		845AEB6D25BAB3D9004922C9 /* CustomFaqtblCell.swift */ = {isa = PBXFileReference; lastKnownFileType = sourcecode.swift; path = CustomFaqtblCell.swift; sourceTree = "<group>"; };
		845AEB7325BAF5C1004922C9 /* collHomeDetailCell.swift */ = {isa = PBXFileReference; lastKnownFileType = sourcecode.swift; path = collHomeDetailCell.swift; sourceTree = "<group>"; };
		84703D2225B8480B00E47970 /* CreateAccountVC.swift */ = {isa = PBXFileReference; lastKnownFileType = sourcecode.swift; path = CreateAccountVC.swift; sourceTree = "<group>"; };
		84A82D5525C1651C00C2D42D /* CommonManager.swift */ = {isa = PBXFileReference; lastKnownFileType = sourcecode.swift; path = CommonManager.swift; sourceTree = "<group>"; };
		84A82D5925C1653800C2D42D /* ApiManager.swift */ = {isa = PBXFileReference; lastKnownFileType = sourcecode.swift; path = ApiManager.swift; sourceTree = "<group>"; };
		84A82D5D25C1655900C2D42D /* ApiList.swift */ = {isa = PBXFileReference; lastKnownFileType = sourcecode.swift; path = ApiList.swift; sourceTree = "<group>"; };
		84A82D6925C1659600C2D42D /* AJAlertController.xib */ = {isa = PBXFileReference; fileEncoding = 4; lastKnownFileType = file.xib; path = AJAlertController.xib; sourceTree = "<group>"; };
		84A82D6A25C1659600C2D42D /* AJAlertController.swift */ = {isa = PBXFileReference; fileEncoding = 4; lastKnownFileType = sourcecode.swift; path = AJAlertController.swift; sourceTree = "<group>"; };
		84A82DB225C16A8F00C2D42D /* LoginResponseModel.swift */ = {isa = PBXFileReference; fileEncoding = 4; lastKnownFileType = sourcecode.swift; path = LoginResponseModel.swift; sourceTree = "<group>"; };
		84A82DDD25C16BF400C2D42D /* Utils.swift */ = {isa = PBXFileReference; fileEncoding = 4; lastKnownFileType = sourcecode.swift; path = Utils.swift; sourceTree = "<group>"; };
		84A82E4725C17FC900C2D42D /* ForgotPasswordResponseModel.swift */ = {isa = PBXFileReference; lastKnownFileType = sourcecode.swift; path = ForgotPasswordResponseModel.swift; sourceTree = "<group>"; };
		9106C05312D98C7452DFB30C /* Pods-HomeCook'd.release.xcconfig */ = {isa = PBXFileReference; includeInIndex = 1; lastKnownFileType = text.xcconfig; name = "Pods-HomeCook'd.release.xcconfig"; path = "Target Support Files/Pods-HomeCook'd/Pods-HomeCook'd.release.xcconfig"; sourceTree = "<group>"; };
		E5C342D506B677A7C3A91578 /* libPods-HomeCook'd.a */ = {isa = PBXFileReference; explicitFileType = archive.ar; includeInIndex = 0; path = "libPods-HomeCook'd.a"; sourceTree = BUILT_PRODUCTS_DIR; };
/* End PBXFileReference section */

/* Begin PBXFrameworksBuildPhase section */
		82B635FD259F220200FFCA39 /* Frameworks */ = {
			isa = PBXFrameworksBuildPhase;
			buildActionMask = 2147483647;
			files = (
				19671C569897C1C757D97C3E /* libPods-HomeCook'd.a in Frameworks */,
			);
			runOnlyForDeploymentPostprocessing = 0;
		};
/* End PBXFrameworksBuildPhase section */

/* Begin PBXGroup section */
		0CA84998028F9A62B1D7F1B7 /* Pods */ = {
			isa = PBXGroup;
			children = (
				4500B375E1D3448522A39066 /* Pods-HomeCook'd.debug.xcconfig */,
				9106C05312D98C7452DFB30C /* Pods-HomeCook'd.release.xcconfig */,
			);
			path = Pods;
			sourceTree = "<group>";
		};
		820D05BF25A5BCCD009508F3 /* BottomPopupController */ = {
			isa = PBXGroup;
			children = (
				820D05C025A5BCCD009508F3 /* BottomPopupUtils.swift */,
				820D05C125A5BCCD009508F3 /* BottomPopupViewController.swift */,
				820D05C225A5BCCD009508F3 /* BottomPopupDismissInteractionController.swift */,
				820D05C325A5BCCD009508F3 /* BottomPopupNavigationController.swift */,
				820D05C425A5BCCD009508F3 /* BottomPopupDismissAnimator.swift */,
				820D05C525A5BCCD009508F3 /* BottomPopupPresentAnimator.swift */,
				820D05C625A5BCCD009508F3 /* BottomPopupTransitionHandler.swift */,
				820D05C725A5BCCD009508F3 /* BottomPopupPresentationController.swift */,
			);
			path = BottomPopupController;
			sourceTree = "<group>";
		};
		8230778E25A57FDC004B930A /* Bar Chart */ = {
			isa = PBXGroup;
			children = (
				823077D925A5803A004B930A /* ArrayExtension.swift */,
				823077DA25A5803A004B930A /* CALayerExtension.swift */,
				823077DB25A5803A004B930A /* CustomSegments.swift */,
				823077DC25A5803B004B930A /* DataEntry.swift */,
				823077DD25A5803B004B930A /* UIBezierPathExtension.swift */,
				823077E525A58047004B930A /* BasicBarChart.swift */,
				823077E325A58047004B930A /* BasicBarChartPresenter.swift */,
				823077E425A58047004B930A /* BasicBarEntry.swift */,
			);
			path = "Bar Chart";
			sourceTree = "<group>";
		};
		82AD9F00259F334400EAA057 /* Fonts */ = {
			isa = PBXGroup;
			children = (
				82AD9F01259F334400EAA057 /* Poppins */,
			);
			path = Fonts;
			sourceTree = "<group>";
		};
		82AD9F01259F334400EAA057 /* Poppins */ = {
			isa = PBXGroup;
			children = (
				82AD9F02259F334400EAA057 /* Poppins-ExtraLight.ttf */,
				82AD9F03259F334400EAA057 /* Poppins-ThinItalic.ttf */,
				82AD9F04259F334400EAA057 /* Poppins-ExtraLightItalic.ttf */,
				82AD9F05259F334400EAA057 /* Poppins-BoldItalic.ttf */,
				82AD9F06259F334400EAA057 /* Poppins-Light.ttf */,
				82AD9F07259F334400EAA057 /* Poppins-Medium.ttf */,
				82AD9F08259F334400EAA057 /* Poppins-SemiBoldItalic.ttf */,
				82AD9F09259F334400EAA057 /* Poppins-ExtraBoldItalic.ttf */,
				82AD9F0A259F334400EAA057 /* Poppins-ExtraBold.ttf */,
				82AD9F0B259F334400EAA057 /* Poppins-BlackItalic.ttf */,
				82AD9F0C259F334400EAA057 /* OFL.txt */,
				82AD9F0D259F334400EAA057 /* Poppins-Regular.ttf */,
				82AD9F0E259F334400EAA057 /* Poppins-LightItalic.ttf */,
				82AD9F0F259F334400EAA057 /* Poppins-Bold.ttf */,
				82AD9F10259F334400EAA057 /* Poppins-Black.ttf */,
				82AD9F11259F334400EAA057 /* Poppins-Thin.ttf */,
				82AD9F12259F334400EAA057 /* Poppins-SemiBold.ttf */,
				82AD9F13259F334400EAA057 /* Poppins-Italic.ttf */,
				82AD9F14259F334400EAA057 /* Poppins-MediumItalic.ttf */,
			);
			path = Poppins;
			sourceTree = "<group>";
		};
		82B635F7259F220200FFCA39 = {
			isa = PBXGroup;
			children = (
				82B63615259F225800FFCA39 /* HomeCook'd-Bridging-Header.h */,
				82B63602259F220200FFCA39 /* HomeCook'd */,
				821F45C925B6EAF300EB8265 /* HomeCook'd.app */,
				0CA84998028F9A62B1D7F1B7 /* Pods */,
				FB1222080713587BEAAEFC8A /* Frameworks */,
			);
			sourceTree = "<group>";
		};
		82B63602259F220200FFCA39 /* HomeCook'd */ = {
			isa = PBXGroup;
			children = (
				84A82D3325C163E600C2D42D /* Library */,
				84A82D3225C163DE00C2D42D /* Model */,
				84A82D3125C163D200C2D42D /* Controller */,
				82B63603259F220200FFCA39 /* AppDelegate.swift */,
				82B6360A259F220300FFCA39 /* Assets.xcassets */,
				844E651D25C293D800A13109 /* Main.storyboard */,
				82B6360C259F220300FFCA39 /* LaunchScreen.storyboard */,
				82B6360F259F220300FFCA39 /* Info.plist */,
				82AD9F00259F334400EAA057 /* Fonts */,
				82165CD725B583B7005C2361 /* collImages.swift */,
				845AEB7325BAF5C1004922C9 /* collHomeDetailCell.swift */,
			);
			path = "HomeCook'd";
			sourceTree = "<group>";
		};
		84A82D3125C163D200C2D42D /* Controller */ = {
			isa = PBXGroup;
			children = (
				84A82D7F25C1664700C2D42D /* ReviewModule */,
				84A82D7E25C1664000C2D42D /* SearchModule */,
				84A82D7D25C1662B00C2D42D /* WelcomeModule */,
				84A82D7C25C1662100C2D42D /* RevenueModule */,
				84A82D7B25C1661A00C2D42D /* RattingModule */,
				84A82D7A25C1661200C2D42D /* TabbarModule */,
				84A82D7925C1660900C2D42D /* PaymentModule */,
				84A82D7825C165F300C2D42D /* FavouriteModule */,
				84A82D7725C165E900C2D42D /* MenuModule */,
				84A82D7625C165D300C2D42D /* CartModule */,
				84A82D4125C164A000C2D42D /* DashBoardModule */,
				84A82D3625C1641C00C2D42D /* LoginModule */,
			);
			path = Controller;
			sourceTree = "<group>";
		};
		84A82D3225C163DE00C2D42D /* Model */ = {
			isa = PBXGroup;
			children = (
				84A82D5425C1650400C2D42D /* Extension */,
				84A82D5325C164F200C2D42D /* ApiStructure */,
				84A82D5225C164E900C2D42D /* CommonClass */,
			);
			path = Model;
			sourceTree = "<group>";
		};
		84A82D3325C163E600C2D42D /* Library */ = {
			isa = PBXGroup;
			children = (
				84A82D6825C1659600C2D42D /* AJAlertController */,
				820D05BF25A5BCCD009508F3 /* BottomPopupController */,
				8230778E25A57FDC004B930A /* Bar Chart */,
			);
			path = Library;
			sourceTree = "<group>";
		};
		84A82D3625C1641C00C2D42D /* LoginModule */ = {
			isa = PBXGroup;
			children = (
				82250C4825A2D9E9007E46DD /* LogInVC.swift */,
				8295D94225A2EAFE0047C545 /* RegisterVC.swift */,
				82899D0325A3047400CDEC00 /* RegisterVC2.swift */,
				82899D0525A31C1900CDEC00 /* ForgotPassWordVC.swift */,
				82899D0725A31F2E00CDEC00 /* PassWordVarificationVC.swift */,
				84703D2225B8480B00E47970 /* CreateAccountVC.swift */,
			);
			path = LoginModule;
			sourceTree = "<group>";
		};
		84A82D4125C164A000C2D42D /* DashBoardModule */ = {
			isa = PBXGroup;
			children = (
				84A82D8A25C1675200C2D42D /* CustomCell */,
				82D147C625AB0C83002073A6 /* HomeVC.swift */,
				82E9588625AC162C006ED26A /* HomeVC3.swift */,
				828B97CC25A473E7002DAA66 /* DashBoardRunningOrderVC.swift */,
				828B97CE25A4741C002DAA66 /* DashBoardOrderRequestVC.swift */,
				82A850D5259F29C500522965 /* DashBoardVC.swift */,
				8205C18025A5D42900E602DE /* AddNewItemVC.swift */,
				828469B425A49AE80049467A /* EditItemsVC.swift */,
				828E0D7125B8297300790179 /* PreviewVC.swift */,
			);
			path = DashBoardModule;
			sourceTree = "<group>";
		};
		84A82D5225C164E900C2D42D /* CommonClass */ = {
			isa = PBXGroup;
			children = (
				84A82DDD25C16BF400C2D42D /* Utils.swift */,
				84A82D5525C1651C00C2D42D /* CommonManager.swift */,
			);
			path = CommonClass;
			sourceTree = "<group>";
		};
		84A82D5325C164F200C2D42D /* ApiStructure */ = {
			isa = PBXGroup;
			children = (
				84A82DB125C16A8F00C2D42D /* ResponseModule */,
				84A82D5925C1653800C2D42D /* ApiManager.swift */,
				84A82D5D25C1655900C2D42D /* ApiList.swift */,
			);
			path = ApiStructure;
			sourceTree = "<group>";
		};
		84A82D5425C1650400C2D42D /* Extension */ = {
			isa = PBXGroup;
			children = (
				82E9588C25AC3495006ED26A /* Extension.swift */,
			);
			path = Extension;
			sourceTree = "<group>";
		};
		84A82D6825C1659600C2D42D /* AJAlertController */ = {
			isa = PBXGroup;
			children = (
				84A82D6925C1659600C2D42D /* AJAlertController.xib */,
				84A82D6A25C1659600C2D42D /* AJAlertController.swift */,
			);
			path = AJAlertController;
			sourceTree = "<group>";
		};
		84A82D7625C165D300C2D42D /* CartModule */ = {
			isa = PBXGroup;
			children = (
				84A82D9425C1690500C2D42D /* CustomCell */,
				820CFBD225B5937D0043756E /* CartVC.swift */,
			);
			path = CartModule;
			sourceTree = "<group>";
		};
		84A82D7725C165E900C2D42D /* MenuModule */ = {
			isa = PBXGroup;
			children = (
				84A82D8925C166F100C2D42D /* Profile */,
				84A82D8825C166EA00C2D42D /* Notification */,
				84A82D8625C166D900C2D42D /* Message */,
				84A82D8525C166CB00C2D42D /* Orders */,
				84A82D8425C166C500C2D42D /* Address */,
				84A82D8325C166C000C2D42D /* Condition */,
				84A82D8225C166BB00C2D42D /* Faq */,
				84A82D8125C166B500C2D42D /* Logout */,
				84A82D8025C166AE00C2D42D /* Setting */,
			);
			path = MenuModule;
			sourceTree = "<group>";
		};
		84A82D7825C165F300C2D42D /* FavouriteModule */ = {
			isa = PBXGroup;
			children = (
				84A82D8E25C167F400C2D42D /* CustomCell */,
				828469AA25A486350049467A /* MyFoodVC.swift */,
				823077E925A5968A004B930A /* MyFoodDetailVC.swift */,
				8449D29925B9551400B39058 /* FavVC.swift */,
			);
			path = FavouriteModule;
			sourceTree = "<group>";
		};
		84A82D7925C1660900C2D42D /* PaymentModule */ = {
			isa = PBXGroup;
			children = (
				84A82D9325C168C400C2D42D /* CustomCell */,
				828E0D6F25B8239300790179 /* MenuVC.swift */,
				8449D2A125B98F5D00B39058 /* Customer_PaymentVC.swift */,
				8281CC3B25B6E5B0009FC8F2 /* DeliveryStatusVC.swift */,
				829603BF25A6FB3B00ED3F14 /* PaymentWithdrawVC2.swift */,
				829603C125A70F9D00ED3F14 /* PaymentMethodVC.swift */,
				829603C525A717D800ED3F14 /* PaymentSuccessVC.swift */,
				8205C18425A5E4A200E602DE /* PaymentWithdrawVC.swift */,
				82032D0925B5BBC90046B841 /* AddNewCardVC.swift */,
				821F45CA25B6F6BF00EB8265 /* TrackingOrderVC.swift */,
			);
			path = PaymentModule;
			sourceTree = "<group>";
		};
		84A82D7A25C1661200C2D42D /* TabbarModule */ = {
			isa = PBXGroup;
			children = (
				828C542A25AC6624006830EC /* TabVC.swift */,
				8449D29525B94B7200B39058 /* Customer_TabVC.swift */,
			);
			path = TabbarModule;
			sourceTree = "<group>";
		};
		84A82D7B25C1661A00C2D42D /* RattingModule */ = {
			isa = PBXGroup;
			children = (
				82032D0725B5B0990046B841 /* RatingVC.swift */,
			);
			path = RattingModule;
			sourceTree = "<group>";
		};
		84A82D7C25C1662100C2D42D /* RevenueModule */ = {
			isa = PBXGroup;
			children = (
				84A82D8D25C167BA00C2D42D /* CustomCell */,
				82E4934625A466A300409613 /* RevenueVC.swift */,
			);
			path = RevenueModule;
			sourceTree = "<group>";
		};
		84A82D7D25C1662B00C2D42D /* WelcomeModule */ = {
			isa = PBXGroup;
			children = (
				82B63605259F220200FFCA39 /* WelComeVC.swift */,
			);
			path = WelcomeModule;
			sourceTree = "<group>";
		};
		84A82D7E25C1664000C2D42D /* SearchModule */ = {
			isa = PBXGroup;
			children = (
				84A82D9125C1688C00C2D42D /* CustomCell */,
				8281CC3725B6DD7D009FC8F2 /* SearchVC.swift */,
			);
			path = SearchModule;
			sourceTree = "<group>";
		};
		84A82D7F25C1664700C2D42D /* ReviewModule */ = {
			isa = PBXGroup;
			children = (
				84A82D8C25C167A200C2D42D /* CustomCell */,
				82C03D53259F56550001ADCC /* ReViewVC.swift */,
			);
			path = ReviewModule;
			sourceTree = "<group>";
		};
		84A82D8025C166AE00C2D42D /* Setting */ = {
			isa = PBXGroup;
			children = (
				82E4DF2925A71DDE0038DF38 /* SettingVC.swift */,
			);
			path = Setting;
			sourceTree = "<group>";
		};
		84A82D8125C166B500C2D42D /* Logout */ = {
			isa = PBXGroup;
			children = (
			);
			path = Logout;
			sourceTree = "<group>";
		};
		84A82D8225C166BB00C2D42D /* Faq */ = {
			isa = PBXGroup;
			children = (
				84A82D9625C169DB00C2D42D /* CustomCell */,
				8449D2B425B9BF0400B39058 /* Customer_FAQVC.swift */,
			);
			path = Faq;
			sourceTree = "<group>";
		};
		84A82D8325C166C000C2D42D /* Condition */ = {
			isa = PBXGroup;
			children = (
				82032D0B25B5BFCE0046B841 /* Terms&ConditionVC.swift */,
			);
			path = Condition;
			sourceTree = "<group>";
		};
		84A82D8425C166C500C2D42D /* Address */ = {
			isa = PBXGroup;
			children = (
				84A82D9525C1691800C2D42D /* CustomCell */,
				82032D0D25B5C1D60046B841 /* AddressVC.swift */,
				828E0D6D25B80BA600790179 /* AddressVC2.swift */,
			);
			path = Address;
			sourceTree = "<group>";
		};
		84A82D8525C166CB00C2D42D /* Orders */ = {
			isa = PBXGroup;
			children = (
				84A82D9225C168AF00C2D42D /* CustomCell */,
				8449D2B825B9BF5500B39058 /* Customer_OrderVC.swift */,
				82484F9125A6E6C80072E458 /* TotalOrdersVC.swift */,
			);
			path = Orders;
			sourceTree = "<group>";
		};
		84A82D8625C166D900C2D42D /* Message */ = {
			isa = PBXGroup;
			children = (
				84A82D9025C1685900C2D42D /* CustomCell */,
				82484F8D25A6DB230072E458 /* MessegesVC.swift */,
				8290027825A73001007F6C64 /* MessageDetailVC.swift */,
			);
			path = Message;
			sourceTree = "<group>";
		};
		84A82D8825C166EA00C2D42D /* Notification */ = {
			isa = PBXGroup;
			children = (
				8449D2A925B9B1EB00B39058 /* Customer_NotificationVC.swift */,
				84A82D8F25C1684500C2D42D /* CustomCell */,
				82484F8925A6C9050072E458 /* NotificationVC.swift */,
			);
			path = Notification;
			sourceTree = "<group>";
		};
		84A82D8925C166F100C2D42D /* Profile */ = {
			isa = PBXGroup;
			children = (
				8449D2B025B9BB4700B39058 /* Customer_PersonalInfoVC.swift */,
				828B297025A5ED2C00EB8DCA /* PersonalInfoVC.swift */,
				828B297225A5F3AD00EB8DCA /* PersonalEditVC.swift */,
			);
			path = Profile;
			sourceTree = "<group>";
		};
		84A82D8A25C1675200C2D42D /* CustomCell */ = {
			isa = PBXGroup;
			children = (
				828E0D7525B831E000790179 /* PreviewIngVCCell.swift */,
				82E9588A25AC2917006ED26A /* HomeVC3Cell.swift */,
				82D147C825AB1299002073A6 /* HomeVCCell.swift */,
				828E0D7325B82E6E00790179 /* PreviewVCCell.swift */,
				828469B625A49D840049467A /* EditItemVCCell.swift */,
				8205C18225A5D7CE00E602DE /* AddNewItemVCCell.swift */,
				828469A425A477610049467A /* DashBoardRunningOrderVCCell.swift */,
				828469A625A47E780049467A /* DashBoardOrderRequestVCCell.swift */,
				8266B9FA25A4447200954E75 /* DashBoardVCCell.swift */,
			);
			path = CustomCell;
			sourceTree = "<group>";
		};
		84A82D8C25C167A200C2D42D /* CustomCell */ = {
			isa = PBXGroup;
			children = (
				82C03D55259F59E40001ADCC /* ReViewVCCell.swift */,
			);
			path = CustomCell;
			sourceTree = "<group>";
		};
		84A82D8D25C167BA00C2D42D /* CustomCell */ = {
			isa = PBXGroup;
			children = (
				82E4934825A46A2300409613 /* RevenueVCCell.swift */,
			);
			path = CustomCell;
			sourceTree = "<group>";
		};
		84A82D8E25C167F400C2D42D /* CustomCell */ = {
			isa = PBXGroup;
			children = (
				828469B225A498AE0049467A /* MyFoodDetailVCCell.swift */,
				828469AC25A486510049467A /* MyFoodVCCell.swift */,
			);
			path = CustomCell;
			sourceTree = "<group>";
		};
		84A82D8F25C1684500C2D42D /* CustomCell */ = {
			isa = PBXGroup;
			children = (
				8449D2AD25B9B2C400B39058 /* Customer_NotificationVCCell.swift */,
				82484F8B25A6CF0E0072E458 /* NotificationVCCell.swift */,
			);
			path = CustomCell;
			sourceTree = "<group>";
		};
		84A82D9025C1685900C2D42D /* CustomCell */ = {
			isa = PBXGroup;
			children = (
				82484F8F25A6DE830072E458 /* MessegeVCCell.swift */,
			);
			path = CustomCell;
			sourceTree = "<group>";
		};
		84A82D9125C1688C00C2D42D /* CustomCell */ = {
			isa = PBXGroup;
			children = (
				8281CC3925B6E18D009FC8F2 /* SearchVCCell.swift */,
			);
			path = CustomCell;
			sourceTree = "<group>";
		};
		84A82D9225C168AF00C2D42D /* CustomCell */ = {
			isa = PBXGroup;
			children = (
				844C624725BC244000BE58E1 /* Customer_OrderVCCell.swift */,
				844C624A25BC28FA00BE58E1 /* Customer_OrderTblCell.swift */,
				82484F9325A6E6EF0072E458 /* TotalOrderVCCell.swift */,
			);
			path = CustomCell;
			sourceTree = "<group>";
		};
		84A82D9325C168C400C2D42D /* CustomCell */ = {
			isa = PBXGroup;
			children = (
				8449D2A525B990FD00B39058 /* Customer_PaymentVCCell.swift */,
				829603C325A70FE100ED3F14 /* PaymentMethodVCCell.swift */,
			);
			path = CustomCell;
			sourceTree = "<group>";
		};
		84A82D9425C1690500C2D42D /* CustomCell */ = {
			isa = PBXGroup;
			children = (
				8208D99325B59D6C00B57A24 /* CartVCCell.swift */,
			);
			path = CustomCell;
			sourceTree = "<group>";
		};
		84A82D9525C1691800C2D42D /* CustomCell */ = {
			isa = PBXGroup;
			children = (
				82DFB33025B6A2B8004518B4 /* AddressVCCell.swift */,
			);
			path = CustomCell;
			sourceTree = "<group>";
		};
		84A82D9625C169DB00C2D42D /* CustomCell */ = {
			isa = PBXGroup;
			children = (
				845AEB6D25BAB3D9004922C9 /* CustomFaqtblCell.swift */,
			);
			path = CustomCell;
			sourceTree = "<group>";
		};
		84A82DB125C16A8F00C2D42D /* ResponseModule */ = {
			isa = PBXGroup;
			children = (
				84A82DB225C16A8F00C2D42D /* LoginResponseModel.swift */,
				84A82E4725C17FC900C2D42D /* ForgotPasswordResponseModel.swift */,
				844E651025C2809C00A13109 /* Forgot_VarificationCodeResponseModel.swift */,
				844E652825C2B2D200A13109 /* ResendOTPResponseModel.swift */,
			);
			path = ResponseModule;
			sourceTree = "<group>";
		};
		FB1222080713587BEAAEFC8A /* Frameworks */ = {
			isa = PBXGroup;
			children = (
				E5C342D506B677A7C3A91578 /* libPods-HomeCook'd.a */,
			);
			name = Frameworks;
			sourceTree = "<group>";
		};
/* End PBXGroup section */

/* Begin PBXNativeTarget section */
		82B635FF259F220200FFCA39 /* HomeCook'd */ = {
			isa = PBXNativeTarget;
			buildConfigurationList = 82B63612259F220300FFCA39 /* Build configuration list for PBXNativeTarget "HomeCook'd" */;
			buildPhases = (
				434BB0751FF9A8DF4232CFC4 /* [CP] Check Pods Manifest.lock */,
				82B635FC259F220200FFCA39 /* Sources */,
				82B635FD259F220200FFCA39 /* Frameworks */,
				82B635FE259F220200FFCA39 /* Resources */,
				6FB176A29E35463F52842EB9 /* [CP] Copy Pods Resources */,
			);
			buildRules = (
			);
			dependencies = (
			);
			name = "HomeCook'd";
			productName = "HomeCook'd";
			productReference = 821F45C925B6EAF300EB8265 /* HomeCook'd.app */;
			productType = "com.apple.product-type.application";
		};
/* End PBXNativeTarget section */

/* Begin PBXProject section */
		82B635F8259F220200FFCA39 /* Project object */ = {
			isa = PBXProject;
			attributes = {
				LastSwiftUpdateCheck = 1010;
				LastUpgradeCheck = 1010;
				ORGANIZATIONNAME = "Sheela Dodiya";
				TargetAttributes = {
					82B635FF259F220200FFCA39 = {
						CreatedOnToolsVersion = 10.1;
					};
				};
			};
			buildConfigurationList = 82B635FB259F220200FFCA39 /* Build configuration list for PBXProject "HomeCook'd" */;
			compatibilityVersion = "Xcode 9.3";
			developmentRegion = en;
			hasScannedForEncodings = 0;
			knownRegions = (
				en,
				Base,
			);
			mainGroup = 82B635F7259F220200FFCA39;
			productRefGroup = 82B635F7259F220200FFCA39;
			projectDirPath = "";
			projectRoot = "";
			targets = (
				82B635FF259F220200FFCA39 /* HomeCook'd */,
			);
		};
/* End PBXProject section */

/* Begin PBXResourcesBuildPhase section */
		82B635FE259F220200FFCA39 /* Resources */ = {
			isa = PBXResourcesBuildPhase;
			buildActionMask = 2147483647;
			files = (
				82AD9F24259F334400EAA057 /* Poppins-Thin.ttf in Resources */,
				82AD9F27259F334400EAA057 /* Poppins-MediumItalic.ttf in Resources */,
				82AD9F1F259F334400EAA057 /* OFL.txt in Resources */,
				82AD9F17259F334400EAA057 /* Poppins-ExtraLightItalic.ttf in Resources */,
				82AD9F1E259F334400EAA057 /* Poppins-BlackItalic.ttf in Resources */,
				82AD9F15259F334400EAA057 /* Poppins-ExtraLight.ttf in Resources */,
				82AD9F25259F334400EAA057 /* Poppins-SemiBold.ttf in Resources */,
				82AD9F18259F334400EAA057 /* Poppins-BoldItalic.ttf in Resources */,
				82AD9F19259F334400EAA057 /* Poppins-Light.ttf in Resources */,
				82AD9F23259F334400EAA057 /* Poppins-Black.ttf in Resources */,
				82AD9F26259F334400EAA057 /* Poppins-Italic.ttf in Resources */,
				82AD9F1D259F334400EAA057 /* Poppins-ExtraBold.ttf in Resources */,
				844E651E25C293D800A13109 /* Main.storyboard in Resources */,
				84A82D6B25C1659600C2D42D /* AJAlertController.xib in Resources */,
				82AD9F21259F334400EAA057 /* Poppins-LightItalic.ttf in Resources */,
				82B6360E259F220300FFCA39 /* LaunchScreen.storyboard in Resources */,
				82AD9F1B259F334400EAA057 /* Poppins-SemiBoldItalic.ttf in Resources */,
				82AD9F20259F334400EAA057 /* Poppins-Regular.ttf in Resources */,
				82AD9F1C259F334400EAA057 /* Poppins-ExtraBoldItalic.ttf in Resources */,
				82AD9F22259F334400EAA057 /* Poppins-Bold.ttf in Resources */,
				82AD9F16259F334400EAA057 /* Poppins-ThinItalic.ttf in Resources */,
				82AD9F1A259F334400EAA057 /* Poppins-Medium.ttf in Resources */,
				82B6360B259F220300FFCA39 /* Assets.xcassets in Resources */,
			);
			runOnlyForDeploymentPostprocessing = 0;
		};
/* End PBXResourcesBuildPhase section */

/* Begin PBXShellScriptBuildPhase section */
		434BB0751FF9A8DF4232CFC4 /* [CP] Check Pods Manifest.lock */ = {
			isa = PBXShellScriptBuildPhase;
			buildActionMask = 2147483647;
			files = (
			);
			inputFileListPaths = (
			);
			inputPaths = (
				"${PODS_PODFILE_DIR_PATH}/Podfile.lock",
				"${PODS_ROOT}/Manifest.lock",
			);
			name = "[CP] Check Pods Manifest.lock";
			outputFileListPaths = (
			);
			outputPaths = (
				"$(DERIVED_FILE_DIR)/Pods-HomeCook'd-checkManifestLockResult.txt",
			);
			runOnlyForDeploymentPostprocessing = 0;
			shellPath = /bin/sh;
			shellScript = "diff \"${PODS_PODFILE_DIR_PATH}/Podfile.lock\" \"${PODS_ROOT}/Manifest.lock\" > /dev/null\nif [ $? != 0 ] ; then\n    # print error to STDERR\n    echo \"error: The sandbox is not in sync with the Podfile.lock. Run 'pod install' or update your CocoaPods installation.\" >&2\n    exit 1\nfi\n# This output is used by Xcode 'outputs' to avoid re-running this script phase.\necho \"SUCCESS\" > \"${SCRIPT_OUTPUT_FILE_0}\"\n";
			showEnvVarsInLog = 0;
		};
		6FB176A29E35463F52842EB9 /* [CP] Copy Pods Resources */ = {
			isa = PBXShellScriptBuildPhase;
			buildActionMask = 2147483647;
			files = (
			);
			inputFileListPaths = (
				"${PODS_ROOT}/Target Support Files/Pods-HomeCook'd/Pods-HomeCook'd-resources-${CONFIGURATION}-input-files.xcfilelist",
			);
			name = "[CP] Copy Pods Resources";
			outputFileListPaths = (
				"${PODS_ROOT}/Target Support Files/Pods-HomeCook'd/Pods-HomeCook'd-resources-${CONFIGURATION}-output-files.xcfilelist",
			);
			runOnlyForDeploymentPostprocessing = 0;
			shellPath = /bin/sh;
			shellScript = "\"${PODS_ROOT}/Target Support Files/Pods-HomeCook'd/Pods-HomeCook'd-resources.sh\"\n";
			showEnvVarsInLog = 0;
		};
/* End PBXShellScriptBuildPhase section */

/* Begin PBXSourcesBuildPhase section */
		82B635FC259F220200FFCA39 /* Sources */ = {
			isa = PBXSourcesBuildPhase;
			buildActionMask = 2147483647;
			files = (
				8208D99425B59D6C00B57A24 /* CartVCCell.swift in Sources */,
				8449D2B925B9BF5500B39058 /* Customer_OrderVC.swift in Sources */,
				82C03D54259F56550001ADCC /* ReViewVC.swift in Sources */,
				82484F8A25A6C9050072E458 /* NotificationVC.swift in Sources */,
				828469B325A498AE0049467A /* MyFoodDetailVCCell.swift in Sources */,
				82DFB33125B6A2B8004518B4 /* AddressVCCell.swift in Sources */,
				845AEB7425BAF5C1004922C9 /* collHomeDetailCell.swift in Sources */,
				820D05CF25A5BCCD009508F3 /* BottomPopupPresentationController.swift in Sources */,
				8205C18325A5D7CE00E602DE /* AddNewItemVCCell.swift in Sources */,
				828469B525A49AE80049467A /* EditItemsVC.swift in Sources */,
				828E0D7425B82E6E00790179 /* PreviewVCCell.swift in Sources */,
				82899D0625A31C1900CDEC00 /* ForgotPassWordVC.swift in Sources */,
				82E4DF2A25A71DDE0038DF38 /* SettingVC.swift in Sources */,
				82032D0A25B5BBC90046B841 /* AddNewCardVC.swift in Sources */,
				82E9588D25AC3495006ED26A /* Extension.swift in Sources */,
				82032D0825B5B0990046B841 /* RatingVC.swift in Sources */,
				828B97CD25A473E7002DAA66 /* DashBoardRunningOrderVC.swift in Sources */,
				844E652925C2B2D200A13109 /* ResendOTPResponseModel.swift in Sources */,
				829603C425A70FE100ED3F14 /* PaymentMethodVCCell.swift in Sources */,
				82B63606259F220200FFCA39 /* WelComeVC.swift in Sources */,
				828B97CF25A4741C002DAA66 /* DashBoardOrderRequestVC.swift in Sources */,
				82E9588B25AC2917006ED26A /* HomeVC3Cell.swift in Sources */,
				8205C18125A5D42900E602DE /* AddNewItemVC.swift in Sources */,
				821F45CB25B6F6BF00EB8265 /* TrackingOrderVC.swift in Sources */,
				823077E825A58048004B930A /* BasicBarChart.swift in Sources */,
				829603C225A70F9D00ED3F14 /* PaymentMethodVC.swift in Sources */,
				82250C4925A2D9E9007E46DD /* LogInVC.swift in Sources */,
				823077E125A5803B004B930A /* DataEntry.swift in Sources */,
				820D05CC25A5BCCD009508F3 /* BottomPopupDismissAnimator.swift in Sources */,
				828469AB25A486350049467A /* MyFoodVC.swift in Sources */,
				84A82DDE25C16BF400C2D42D /* Utils.swift in Sources */,
				828C542B25AC6624006830EC /* TabVC.swift in Sources */,
				82484F9025A6DE830072E458 /* MessegeVCCell.swift in Sources */,
				828B297125A5ED2C00EB8DCA /* PersonalInfoVC.swift in Sources */,
				8449D2AE25B9B2C400B39058 /* Customer_NotificationVCCell.swift in Sources */,
				828E0D7625B831E000790179 /* PreviewIngVCCell.swift in Sources */,
				82484F8C25A6CF0E0072E458 /* NotificationVCCell.swift in Sources */,
				8205C18525A5E4A200E602DE /* PaymentWithdrawVC.swift in Sources */,
				84A82DB325C16A8F00C2D42D /* LoginResponseModel.swift in Sources */,
				844E651125C2809C00A13109 /* Forgot_VarificationCodeResponseModel.swift in Sources */,
				82484F9425A6E6EF0072E458 /* TotalOrderVCCell.swift in Sources */,
				820D05C925A5BCCD009508F3 /* BottomPopupViewController.swift in Sources */,
				820D05C825A5BCCD009508F3 /* BottomPopupUtils.swift in Sources */,
				82032D0C25B5BFCE0046B841 /* Terms&ConditionVC.swift in Sources */,
				828469B725A49D840049467A /* EditItemVCCell.swift in Sources */,
				823077DE25A5803B004B930A /* ArrayExtension.swift in Sources */,
				823077E625A58048004B930A /* BasicBarChartPresenter.swift in Sources */,
				82B63604259F220200FFCA39 /* AppDelegate.swift in Sources */,
				82899D0425A3047400CDEC00 /* RegisterVC2.swift in Sources */,
				8449D2AA25B9B1EB00B39058 /* Customer_NotificationVC.swift in Sources */,
				8449D29A25B9551400B39058 /* FavVC.swift in Sources */,
				82E4934925A46A2300409613 /* RevenueVCCell.swift in Sources */,
				844C624B25BC28FA00BE58E1 /* Customer_OrderTblCell.swift in Sources */,
				84A82D5A25C1653800C2D42D /* ApiManager.swift in Sources */,
				82165CD825B583B7005C2361 /* collImages.swift in Sources */,
				845AEB6E25BAB3D9004922C9 /* CustomFaqtblCell.swift in Sources */,
				828E0D7225B8297300790179 /* PreviewVC.swift in Sources */,
				823077E225A5803B004B930A /* UIBezierPathExtension.swift in Sources */,
				828B297325A5F3AD00EB8DCA /* PersonalEditVC.swift in Sources */,
				8266B9FB25A4447200954E75 /* DashBoardVCCell.swift in Sources */,
				823077DF25A5803B004B930A /* CALayerExtension.swift in Sources */,
				8281CC3825B6DD7D009FC8F2 /* SearchVC.swift in Sources */,
				8449D2A225B98F5D00B39058 /* Customer_PaymentVC.swift in Sources */,
				82D147C725AB0C83002073A6 /* HomeVC.swift in Sources */,
				8449D2B525B9BF0400B39058 /* Customer_FAQVC.swift in Sources */,
				82D147C925AB1299002073A6 /* HomeVCCell.swift in Sources */,
				82032D0E25B5C1D60046B841 /* AddressVC.swift in Sources */,
				829603C625A717D800ED3F14 /* PaymentSuccessVC.swift in Sources */,
				8449D29625B94B7200B39058 /* Customer_TabVC.swift in Sources */,
				820D05CE25A5BCCD009508F3 /* BottomPopupTransitionHandler.swift in Sources */,
				828469A725A47E780049467A /* DashBoardOrderRequestVCCell.swift in Sources */,
				82899D0825A31F2E00CDEC00 /* PassWordVarificationVC.swift in Sources */,
				84A82D5E25C1655900C2D42D /* ApiList.swift in Sources */,
				828469AD25A486510049467A /* MyFoodVCCell.swift in Sources */,
				8281CC3C25B6E5B0009FC8F2 /* DeliveryStatusVC.swift in Sources */,
				8295D94325A2EAFE0047C545 /* RegisterVC.swift in Sources */,
				82E4934725A466A300409613 /* RevenueVC.swift in Sources */,
				82484F9225A6E6C80072E458 /* TotalOrdersVC.swift in Sources */,
				84A82D6C25C1659600C2D42D /* AJAlertController.swift in Sources */,
				820D05CA25A5BCCD009508F3 /* BottomPopupDismissInteractionController.swift in Sources */,
				8281CC3A25B6E18D009FC8F2 /* SearchVCCell.swift in Sources */,
				82484F8E25A6DB230072E458 /* MessegesVC.swift in Sources */,
				8449D2B125B9BB4700B39058 /* Customer_PersonalInfoVC.swift in Sources */,
				82C03D56259F59E40001ADCC /* ReViewVCCell.swift in Sources */,
				823077E025A5803B004B930A /* CustomSegments.swift in Sources */,
				844C624825BC244000BE58E1 /* Customer_OrderVCCell.swift in Sources */,
				820CFBD325B5937D0043756E /* CartVC.swift in Sources */,
				84A82D5625C1651C00C2D42D /* CommonManager.swift in Sources */,
				828469A525A477610049467A /* DashBoardRunningOrderVCCell.swift in Sources */,
				828E0D6E25B80BA600790179 /* AddressVC2.swift in Sources */,
				84A82E4825C17FC900C2D42D /* ForgotPasswordResponseModel.swift in Sources */,
				8290027925A73001007F6C64 /* MessageDetailVC.swift in Sources */,
				829603C025A6FB3B00ED3F14 /* PaymentWithdrawVC2.swift in Sources */,
				8449D2A625B990FD00B39058 /* Customer_PaymentVCCell.swift in Sources */,
				828E0D7025B8239300790179 /* MenuVC.swift in Sources */,
				823077E725A58048004B930A /* BasicBarEntry.swift in Sources */,
				82A850D6259F29C500522965 /* DashBoardVC.swift in Sources */,
				82E9588725AC162C006ED26A /* HomeVC3.swift in Sources */,
				84703D2325B8480B00E47970 /* CreateAccountVC.swift in Sources */,
				820D05CD25A5BCCD009508F3 /* BottomPopupPresentAnimator.swift in Sources */,
				823077EA25A5968A004B930A /* MyFoodDetailVC.swift in Sources */,
				820D05CB25A5BCCD009508F3 /* BottomPopupNavigationController.swift in Sources */,
			);
			runOnlyForDeploymentPostprocessing = 0;
		};
/* End PBXSourcesBuildPhase section */

/* Begin PBXVariantGroup section */
		82B6360C259F220300FFCA39 /* LaunchScreen.storyboard */ = {
			isa = PBXVariantGroup;
			children = (
				82B6360D259F220300FFCA39 /* Base */,
			);
			name = LaunchScreen.storyboard;
			sourceTree = "<group>";
		};
/* End PBXVariantGroup section */

/* Begin XCBuildConfiguration section */
		82B63610259F220300FFCA39 /* Debug */ = {
			isa = XCBuildConfiguration;
			buildSettings = {
				ALWAYS_SEARCH_USER_PATHS = NO;
				CLANG_ANALYZER_NONNULL = YES;
				CLANG_ANALYZER_NUMBER_OBJECT_CONVERSION = YES_AGGRESSIVE;
				CLANG_CXX_LANGUAGE_STANDARD = "gnu++14";
				CLANG_CXX_LIBRARY = "libc++";
				CLANG_ENABLE_MODULES = YES;
				CLANG_ENABLE_OBJC_ARC = YES;
				CLANG_ENABLE_OBJC_WEAK = YES;
				CLANG_WARN_BLOCK_CAPTURE_AUTORELEASING = YES;
				CLANG_WARN_BOOL_CONVERSION = YES;
				CLANG_WARN_COMMA = YES;
				CLANG_WARN_CONSTANT_CONVERSION = YES;
				CLANG_WARN_DEPRECATED_OBJC_IMPLEMENTATIONS = YES;
				CLANG_WARN_DIRECT_OBJC_ISA_USAGE = YES_ERROR;
				CLANG_WARN_DOCUMENTATION_COMMENTS = YES;
				CLANG_WARN_EMPTY_BODY = YES;
				CLANG_WARN_ENUM_CONVERSION = YES;
				CLANG_WARN_INFINITE_RECURSION = YES;
				CLANG_WARN_INT_CONVERSION = YES;
				CLANG_WARN_NON_LITERAL_NULL_CONVERSION = YES;
				CLANG_WARN_OBJC_IMPLICIT_RETAIN_SELF = YES;
				CLANG_WARN_OBJC_LITERAL_CONVERSION = YES;
				CLANG_WARN_OBJC_ROOT_CLASS = YES_ERROR;
				CLANG_WARN_RANGE_LOOP_ANALYSIS = YES;
				CLANG_WARN_STRICT_PROTOTYPES = YES;
				CLANG_WARN_SUSPICIOUS_MOVE = YES;
				CLANG_WARN_UNGUARDED_AVAILABILITY = YES_AGGRESSIVE;
				CLANG_WARN_UNREACHABLE_CODE = YES;
				CLANG_WARN__DUPLICATE_METHOD_MATCH = YES;
				CODE_SIGN_IDENTITY = "iPhone Developer";
				COPY_PHASE_STRIP = NO;
				DEBUG_INFORMATION_FORMAT = dwarf;
				ENABLE_STRICT_OBJC_MSGSEND = YES;
				ENABLE_TESTABILITY = YES;
				GCC_C_LANGUAGE_STANDARD = gnu11;
				GCC_DYNAMIC_NO_PIC = NO;
				GCC_NO_COMMON_BLOCKS = YES;
				GCC_OPTIMIZATION_LEVEL = 0;
				GCC_PREPROCESSOR_DEFINITIONS = (
					"DEBUG=1",
					"$(inherited)",
				);
				GCC_WARN_64_TO_32_BIT_CONVERSION = YES;
				GCC_WARN_ABOUT_RETURN_TYPE = YES_ERROR;
				GCC_WARN_UNDECLARED_SELECTOR = YES;
				GCC_WARN_UNINITIALIZED_AUTOS = YES_AGGRESSIVE;
				GCC_WARN_UNUSED_FUNCTION = YES;
				GCC_WARN_UNUSED_VARIABLE = YES;
				IPHONEOS_DEPLOYMENT_TARGET = 9.0;
				MTL_ENABLE_DEBUG_INFO = INCLUDE_SOURCE;
				MTL_FAST_MATH = YES;
				ONLY_ACTIVE_ARCH = YES;
				SDKROOT = iphoneos;
				SWIFT_ACTIVE_COMPILATION_CONDITIONS = DEBUG;
				SWIFT_OPTIMIZATION_LEVEL = "-Onone";
			};
			name = Debug;
		};
		82B63611259F220300FFCA39 /* Release */ = {
			isa = XCBuildConfiguration;
			buildSettings = {
				ALWAYS_SEARCH_USER_PATHS = NO;
				CLANG_ANALYZER_NONNULL = YES;
				CLANG_ANALYZER_NUMBER_OBJECT_CONVERSION = YES_AGGRESSIVE;
				CLANG_CXX_LANGUAGE_STANDARD = "gnu++14";
				CLANG_CXX_LIBRARY = "libc++";
				CLANG_ENABLE_MODULES = YES;
				CLANG_ENABLE_OBJC_ARC = YES;
				CLANG_ENABLE_OBJC_WEAK = YES;
				CLANG_WARN_BLOCK_CAPTURE_AUTORELEASING = YES;
				CLANG_WARN_BOOL_CONVERSION = YES;
				CLANG_WARN_COMMA = YES;
				CLANG_WARN_CONSTANT_CONVERSION = YES;
				CLANG_WARN_DEPRECATED_OBJC_IMPLEMENTATIONS = YES;
				CLANG_WARN_DIRECT_OBJC_ISA_USAGE = YES_ERROR;
				CLANG_WARN_DOCUMENTATION_COMMENTS = YES;
				CLANG_WARN_EMPTY_BODY = YES;
				CLANG_WARN_ENUM_CONVERSION = YES;
				CLANG_WARN_INFINITE_RECURSION = YES;
				CLANG_WARN_INT_CONVERSION = YES;
				CLANG_WARN_NON_LITERAL_NULL_CONVERSION = YES;
				CLANG_WARN_OBJC_IMPLICIT_RETAIN_SELF = YES;
				CLANG_WARN_OBJC_LITERAL_CONVERSION = YES;
				CLANG_WARN_OBJC_ROOT_CLASS = YES_ERROR;
				CLANG_WARN_RANGE_LOOP_ANALYSIS = YES;
				CLANG_WARN_STRICT_PROTOTYPES = YES;
				CLANG_WARN_SUSPICIOUS_MOVE = YES;
				CLANG_WARN_UNGUARDED_AVAILABILITY = YES_AGGRESSIVE;
				CLANG_WARN_UNREACHABLE_CODE = YES;
				CLANG_WARN__DUPLICATE_METHOD_MATCH = YES;
				CODE_SIGN_IDENTITY = "iPhone Developer";
				COPY_PHASE_STRIP = NO;
				DEBUG_INFORMATION_FORMAT = "dwarf-with-dsym";
				ENABLE_NS_ASSERTIONS = NO;
				ENABLE_STRICT_OBJC_MSGSEND = YES;
				GCC_C_LANGUAGE_STANDARD = gnu11;
				GCC_NO_COMMON_BLOCKS = YES;
				GCC_WARN_64_TO_32_BIT_CONVERSION = YES;
				GCC_WARN_ABOUT_RETURN_TYPE = YES_ERROR;
				GCC_WARN_UNDECLARED_SELECTOR = YES;
				GCC_WARN_UNINITIALIZED_AUTOS = YES_AGGRESSIVE;
				GCC_WARN_UNUSED_FUNCTION = YES;
				GCC_WARN_UNUSED_VARIABLE = YES;
				IPHONEOS_DEPLOYMENT_TARGET = 9.0;
				MTL_ENABLE_DEBUG_INFO = NO;
				MTL_FAST_MATH = YES;
				SDKROOT = iphoneos;
				SWIFT_COMPILATION_MODE = wholemodule;
				SWIFT_OPTIMIZATION_LEVEL = "-O";
				VALIDATE_PRODUCT = YES;
			};
			name = Release;
		};
		82B63613259F220300FFCA39 /* Debug */ = {
			isa = XCBuildConfiguration;
			baseConfigurationReference = 4500B375E1D3448522A39066 /* Pods-HomeCook'd.debug.xcconfig */;
			buildSettings = {
				ASSETCATALOG_COMPILER_APPICON_NAME = AppIcon;
				CODE_SIGN_IDENTITY = "Apple Development: Sanjay Modasia (9RXJ9UL8J9)";
				CODE_SIGN_STYLE = Manual;
				DEVELOPMENT_TEAM = 2L2TH4Z227;
				INFOPLIST_FILE = "HomeCook'd/Info.plist";
				IPHONEOS_DEPLOYMENT_TARGET = 11.0;
				LD_RUNPATH_SEARCH_PATHS = (
					"$(inherited)",
					"@executable_path/Frameworks",
				);
				PRODUCT_BUNDLE_IDENTIFIER = com.homecook.application;
				PRODUCT_NAME = "$(TARGET_NAME)";
				PROVISIONING_PROFILE_SPECIFIER = HomeCook_Dev;
				SWIFT_VERSION = 4.2;
				TARGETED_DEVICE_FAMILY = 1;
			};
			name = Debug;
		};
		82B63614259F220300FFCA39 /* Release */ = {
			isa = XCBuildConfiguration;
			baseConfigurationReference = 9106C05312D98C7452DFB30C /* Pods-HomeCook'd.release.xcconfig */;
			buildSettings = {
				ASSETCATALOG_COMPILER_APPICON_NAME = AppIcon;
				CODE_SIGN_IDENTITY = "Apple Development: Sanjay Modasia (9RXJ9UL8J9)";
				CODE_SIGN_STYLE = Manual;
				DEVELOPMENT_TEAM = 2L2TH4Z227;
				INFOPLIST_FILE = "HomeCook'd/Info.plist";
				IPHONEOS_DEPLOYMENT_TARGET = 11.0;
				LD_RUNPATH_SEARCH_PATHS = (
					"$(inherited)",
					"@executable_path/Frameworks",
				);
				PRODUCT_BUNDLE_IDENTIFIER = com.homecook.application;
				PRODUCT_NAME = "$(TARGET_NAME)";
				PROVISIONING_PROFILE_SPECIFIER = HomeCook_Dev;
				SWIFT_VERSION = 4.2;
				TARGETED_DEVICE_FAMILY = 1;
			};
			name = Release;
		};
/* End XCBuildConfiguration section */

/* Begin XCConfigurationList section */
		82B635FB259F220200FFCA39 /* Build configuration list for PBXProject "HomeCook'd" */ = {
			isa = XCConfigurationList;
			buildConfigurations = (
				82B63610259F220300FFCA39 /* Debug */,
				82B63611259F220300FFCA39 /* Release */,
			);
			defaultConfigurationIsVisible = 0;
			defaultConfigurationName = Release;
		};
		82B63612259F220300FFCA39 /* Build configuration list for PBXNativeTarget "HomeCook'd" */ = {
			isa = XCConfigurationList;
			buildConfigurations = (
				82B63613259F220300FFCA39 /* Debug */,
				82B63614259F220300FFCA39 /* Release */,
			);
			defaultConfigurationIsVisible = 0;
			defaultConfigurationName = Release;
		};
/* End XCConfigurationList section */
	};
	rootObject = 82B635F8259F220200FFCA39 /* Project object */;
}
